
Microsoft Visual Studio Solution File, Format Version 12.00
# Visual Studio Version 17
VisualStudioVersion = 17.0.31903.59
MinimumVisualStudioVersion = 10.0.40219.1
Project("{FAE04EC0-301F-11D3-BF4B-00C04F79EFBC}") = "Api", "src\Api\Api.csproj", "{B8E8E8E8-E8E8-E8E8-E8E8-E8E8E8E8E8E8}"
EndProject
Project("{FAE04EC0-301F-11D3-BF4B-00C04F79EFBC}") = "BuildingBlocks.Abstractions", "src\BuildingBlocks\Abstractions\BuildingBlocks.Abstractions.csproj", "{A1A1A1A1-A1A1-A1A1-A1A1-A1A1A1A1A1A1}"
EndProject
Project("{FAE04EC0-301F-11D3-BF4B-00C04F79EFBC}") = "BuildingBlocks.Web", "src\BuildingBlocks\Web\BuildingBlocks.Web.csproj", "{B2B2B2B2-B2B2-B2B2-B2B2-B2B2B2B2B2B2}"
EndProject
Project("{FAE04EC0-301F-11D3-BF4B-00C04F79EFBC}") = "BuildingBlocks.Security", "src\BuildingBlocks\Security\BuildingBlocks.Security.csproj", "{C3C3C3C3-C3C3-C3C3-C3C3-C3C3C3C3C3C3}"
EndProject
Project("{FAE04EC0-301F-11D3-BF4B-00C04F79EFBC}") = "BuildingBlocks.Persistence", "src\BuildingBlocks\Persistence\BuildingBlocks.Persistence.csproj", "{E2E2E2E2-E2E2-E2E2-E2E2-E2E2E2E2E2E2}"
EndProject
Project("{FAE04EC0-301F-11D3-BF4B-00C04F79EFBC}") = "Auth.Domain", "src\modules\auth\domain\Auth.Domain.csproj", "{D4D4D4D4-D4D4-D4D4-D4D4-D4D4D4D4D4D4}"
EndProject
Project("{FAE04EC0-301F-11D3-BF4B-00C04F79EFBC}") = "Auth.Application", "src\modules\auth\application\Auth.Application.csproj", "{E5E5E5E5-E5E5-E5E5-E5E5-E5E5E5E5E5E5}"
EndProject
Project("{FAE04EC0-301F-11D3-BF4B-00C04F79EFBC}") = "Auth.Infrastructure", "src\modules\auth\data\Auth.Infrastructure.csproj", "{F6F6F6F6-F6F6-F6F6-F6F6-F6F6F6F6F6F6}"
EndProject
Project("{FAE04EC0-301F-11D3-BF4B-00C04F79EFBC}") = "Auth.Api", "src\modules\auth\presentation\Auth.Api.csproj", "{A7A7A7A7-A7A7-A7A7-A7A7-A7A7A7A7A7A7}"
EndProject
Project("{FAE04EC0-301F-11D3-BF4B-00C04F79EFBC}") = "Users.Domain", "src\modules\user_data\domain\Users.Domain.csproj", "{B8B8B8B8-B8B8-B8B8-B8B8-B8B8B8B8B8B8}"
EndProject
Project("{FAE04EC0-301F-11D3-BF4B-00C04F79EFBC}") = "Users.Application", "src\modules\user_data\application\Users.Application.csproj", "{C9C9C9C9-C9C9-C9C9-C9C9-C9C9C9C9C9C9}"
EndProject
Project("{FAE04EC0-301F-11D3-BF4B-00C04F79EFBC}") = "Users.Infrastructure", "src\modules\user_data\data\Users.Infrastructure.csproj", "{D0D0D0D0-D0D0-D0D0-D0D0-D0D0D0D0D0D0}"
EndProject
Project("{FAE04EC0-301F-11D3-BF4B-00C04F79EFBC}") = "Users.Api", "src\modules\user_data\presentation\Users.Api.csproj", "{E1E1E1E1-E1E1-E1E1-E1E1-E1E1E1E1E1E1}"
EndProject
Project("{FAE04EC0-301F-11D3-BF4B-00C04F79EFBC}") = "Products.Domain", "src\modules\product\domain\Products.Domain.csproj", "{F2F2F2F2-F2F2-F2F2-F2F2-F2F2F2F2F2F2}"
EndProject
Project("{FAE04EC0-301F-11D3-BF4B-00C04F79EFBC}") = "Products.Application", "src\modules\product\application\Products.Application.csproj", "{A3A3A3A3-A3A3-A3A3-A3A3-A3A3A3A3A3A3}"
EndProject
Project("{FAE04EC0-301F-11D3-BF4B-00C04F79EFBC}") = "Products.Infrastructure", "src\modules\product\data\Products.Infrastructure.csproj", "{B4B4B4B4-B4B4-B4B4-B4B4-B4B4B4B4B4B4}"
EndProject
Project("{FAE04EC0-301F-11D3-BF4B-00C04F79EFBC}") = "Products.Api", "src\modules\product\presentation\Products.Api.csproj", "{C5C5C5C5-C5C5-C5C5-C5C5-C5C5C5C5C5C5}"
EndProject
Project("{FAE04EC0-301F-11D3-BF4B-00C04F79EFBC}") = "Payments.Domain", "src\modules\payment\domain\Payments.Domain.csproj", "{D6D6D6D6-D6D6-D6D6-D6D6-D6D6D6D6D6D6}"
EndProject
Project("{FAE04EC0-301F-11D3-BF4B-00C04F79EFBC}") = "Payments.Application", "src\modules\payment\application\Payments.Application.csproj", "{E7E7E7E7-E7E7-E7E7-E7E7-E7E7E7E7E7E7}"
EndProject
Project("{FAE04EC0-301F-11D3-BF4B-00C04F79EFBC}") = "Payments.Infrastructure", "src\modules\payment\data\Payments.Infrastructure.csproj", "{F8F8F8F8-F8F8-F8F8-F8F8-F8F8F8F8F8F8}"
EndProject
Project("{FAE04EC0-301F-11D3-BF4B-00C04F79EFBC}") = "Payments.Api", "src\modules\payment\presentation\Payments.Api.csproj", "{A9A9A9A9-A9A9-A9A9-A9A9-A9A9A9A9A9A9}"
EndProject
Project("{FAE04EC0-301F-11D3-BF4B-00C04F79EFBC}") = "Categories.Domain", "src\modules\category\domain\Categories.Domain.csproj", "{AA11AA11-1111-1111-1111-AA11AA11AA11}"
EndProject
Project("{FAE04EC0-301F-11D3-BF4B-00C04F79EFBC}") = "Categories.Application", "src\modules\category\application\Categories.Application.csproj", "{BB22BB22-2222-2222-2222-BB22BB22BB22}"
EndProject
Project("{FAE04EC0-301F-11D3-BF4B-00C04F79EFBC}") = "Categories.Infrastructure", "src\modules\category\data\Categories.Infrastructure.csproj", "{CC33CC33-3333-3333-3333-CC33CC33CC33}"
EndProject
Project("{FAE04EC0-301F-11D3-BF4B-00C04F79EFBC}") = "Categories.Api", "src\modules\category\presentation\Categories.Api.csproj", "{DD44DD44-4444-4444-4444-DD44DD44DD44}"
EndProject
Project("{FAE04EC0-301F-11D3-BF4B-00C04F79EFBC}") = "Tasks.Domain", "src\modules\task\domain\Tasks.Domain.csproj", "{EE11EE11-1111-1111-1111-EE11EE11EE11}"
EndProject
Project("{FAE04EC0-301F-11D3-BF4B-00C04F79EFBC}") = "Tasks.Application", "src\modules\task\application\Tasks.Application.csproj", "{EE22EE22-2222-2222-2222-EE22EE22EE22}"
EndProject
Project("{FAE04EC0-301F-11D3-BF4B-00C04F79EFBC}") = "Tasks.Infrastructure", "src\modules\task\data\Tasks.Infrastructure.csproj", "{EE33EE33-3333-3333-3333-EE33EE33EE33}"
EndProject
Project("{FAE04EC0-301F-11D3-BF4B-00C04F79EFBC}") = "Tasks.Api", "src\modules\task\presentation\Tasks.Api.csproj", "{EE44EE44-4444-4444-4444-EE44EE44EE44}"
EndProject
Project("{FAE04EC0-301F-11D3-BF4B-00C04F79EFBC}") = "Projects.Domain", "src\modules\project\domain\Projects.Domain.csproj", "{FF11FF11-1111-1111-1111-FF11FF11FF11}"
EndProject
Project("{FAE04EC0-301F-11D3-BF4B-00C04F79EFBC}") = "Projects.Application", "src\modules\project\application\Projects.Application.csproj", "{FF22FF22-2222-2222-2222-FF22FF22FF22}"
EndProject
Project("{FAE04EC0-301F-11D3-BF4B-00C04F79EFBC}") = "Projects.Infrastructure", "src\modules\project\data\Projects.Infrastructure.csproj", "{FF33FF33-3333-3333-3333-FF33FF33FF33}"
EndProject
Project("{FAE04EC0-301F-11D3-BF4B-00C04F79EFBC}") = "Projects.Api", "src\modules\project\presentation\Projects.Api.csproj", "{FF44FF44-4444-4444-4444-FF44FF44FF44}"
EndProject
Project("{2150E333-8FDC-42A3-9474-1A3956D46DE8}") = "src", "src", "{827E0CD3-B72D-47B6-A68D-7590B98EB39B}"
EndProject
Project("{2150E333-8FDC-42A3-9474-1A3956D46DE8}") = "modules", "modules", "{EC447DCF-ABFA-6E24-52A5-D7FD48A5C558}"
EndProject
Project("{2150E333-8FDC-42A3-9474-1A3956D46DE8}") = "system_settings", "system_settings", "{2CAD960F-E3F3-1CED-19CF-0B898BBF6B13}"
EndProject
Project("{2150E333-8FDC-42A3-9474-1A3956D46DE8}") = "domain", "domain", "{B980A33F-083A-8F93-A0E8-47058F358213}"
EndProject
Project("{FAE04EC0-301F-11D3-BF4B-00C04F79EFBC}") = "SystemSettings.Domain", "src\modules\system_settings\domain\SystemSettings.Domain.csproj", "{13777E4F-67CA-48F9-9BA4-41A7551DDE40}"
EndProject
Project("{2150E333-8FDC-42A3-9474-1A3956D46DE8}") = "application", "application", "{31C8B44B-1CC5-C3F9-77DD-6ABD30CB2B0A}"
EndProject
Project("{FAE04EC0-301F-11D3-BF4B-00C04F79EFBC}") = "SystemSettings.Application", "src\modules\system_settings\application\SystemSettings.Application.csproj", "{CAA5115E-60F3-48D5-A662-8AF34EEF6E2D}"
EndProject
Project("{2150E333-8FDC-42A3-9474-1A3956D46DE8}") = "BuildingBlocks", "BuildingBlocks", "{90298CBA-BD6F-3A0A-69D5-97CAD7B05E7E}"
EndProject
Project("{2150E333-8FDC-42A3-9474-1A3956D46DE8}") = "Abstractions", "Abstractions", "{C92A0B3C-F306-3651-C119-886307923D07}"
EndProject
Project("{2150E333-8FDC-42A3-9474-1A3956D46DE8}") = "data", "data", "{78B984F3-6205-2BF9-F251-ACBCDE32F0C5}"
EndProject
Project("{FAE04EC0-301F-11D3-BF4B-00C04F79EFBC}") = "SystemSettings.Infrastructure", "src\modules\system_settings\data\SystemSettings.Infrastructure.csproj", "{39E0717B-23DB-4D11-8954-9004FBA1124B}"
EndProject
Project("{2150E333-8FDC-42A3-9474-1A3956D46DE8}") = "Persistence", "Persistence", "{DA0D5D49-821C-4D83-94DC-BBB9E20E9A52}"
EndProject
Project("{2150E333-8FDC-42A3-9474-1A3956D46DE8}") = "presentation", "presentation", "{07427E4F-29B4-56AB-7E48-4AD9707CC7D7}"
EndProject
Project("{FAE04EC0-301F-11D3-BF4B-00C04F79EFBC}") = "SystemSettings.Api", "src\modules\system_settings\presentation\SystemSettings.Api.csproj", "{6121A672-CBBD-43A6-9F00-DC58B730FB47}"
EndProject
Project("{2150E333-8FDC-42A3-9474-1A3956D46DE8}") = "Security", "Security", "{5F6796A4-F063-F4DF-30E2-92F5062D16E2}"
EndProject
Project("{2150E333-8FDC-42A3-9474-1A3956D46DE8}") = "profile", "profile", "{F39AE2AA-E5E7-463C-9FBD-1F73B1867E1E}"
EndProject
Project("{2150E333-8FDC-42A3-9474-1A3956D46DE8}") = "domain", "domain", "{3D76DD1C-3624-0A75-875E-2B726DB48178}"
EndProject
Project("{FAE04EC0-301F-11D3-BF4B-00C04F79EFBC}") = "Profile.Domain", "src\modules\profile\domain\Profile.Domain.csproj", "{0DC914F6-F5D6-4F22-AF50-776FE553B4A1}"
EndProject
Project("{2150E333-8FDC-42A3-9474-1A3956D46DE8}") = "application", "application", "{0A80144D-2DFA-541E-7651-378F3A216947}"
EndProject
Project("{FAE04EC0-301F-11D3-BF4B-00C04F79EFBC}") = "Profile.Application", "src\modules\profile\application\Profile.Application.csproj", "{95E004B5-6C33-4A6B-90FE-ACBD8E666416}"
EndProject
Project("{2150E333-8FDC-42A3-9474-1A3956D46DE8}") = "data", "data", "{AB1C72E0-70FF-69EB-E73E-880E388D7FE2}"
EndProject
Project("{FAE04EC0-301F-11D3-BF4B-00C04F79EFBC}") = "Profile.Infrastructure", "src\modules\profile\data\Profile.Infrastructure.csproj", "{F6F5FD70-6B4B-40D8-84B5-9F004F982509}"
EndProject
Project("{2150E333-8FDC-42A3-9474-1A3956D46DE8}") = "presentation", "presentation", "{89484C10-2F3F-3315-BE88-6760D0E05C28}"
EndProject
Project("{FAE04EC0-301F-11D3-BF4B-00C04F79EFBC}") = "Profile.Api", "src\modules\profile\presentation\Profile.Api.csproj", "{FA1904B5-5656-4688-90AC-EF08A6997044}"
EndProject
Project("{2150E333-8FDC-42A3-9474-1A3956D46DE8}") = "lesson_logs", "lesson_logs", "{E0F1D751-2153-65CF-6A3A-BF5F8884A07F}"
EndProject
Project("{2150E333-8FDC-42A3-9474-1A3956D46DE8}") = "domain", "domain", "{B00076CD-0A47-8987-0D22-9BF832EE99BD}"
EndProject
Project("{FAE04EC0-301F-11D3-BF4B-00C04F79EFBC}") = "LessonLogs.Domain", "src\modules\lesson_logs\domain\LessonLogs.Domain.csproj", "{4DC52F1A-2F92-4796-8159-8D23F5B1A622}"
EndProject
Project("{2150E333-8FDC-42A3-9474-1A3956D46DE8}") = "application", "application", "{1319E821-9851-481E-CD55-3A49026C8BB3}"
EndProject
Project("{FAE04EC0-301F-11D3-BF4B-00C04F79EFBC}") = "LessonLogs.Application", "src\modules\lesson_logs\application\LessonLogs.Application.csproj", "{364E409A-EB10-4B61-A782-90578C2A35D5}"
EndProject
Project("{2150E333-8FDC-42A3-9474-1A3956D46DE8}") = "data", "data", "{8E7FE920-7598-6148-0669-3A15173507A3}"
EndProject
Project("{FAE04EC0-301F-11D3-BF4B-00C04F79EFBC}") = "LessonLogs.Infrastructure", "src\modules\lesson_logs\data\LessonLogs.Infrastructure.csproj", "{2F29747D-EA23-42A2-A1A8-89DF60FA17FE}"
EndProject
Project("{2150E333-8FDC-42A3-9474-1A3956D46DE8}") = "presentation", "presentation", "{D843793A-205A-76AA-46CC-1176124086F8}"
EndProject
Project("{FAE04EC0-301F-11D3-BF4B-00C04F79EFBC}") = "LessonLogs.Api", "src\modules\lesson_logs\presentation\LessonLogs.Api.csproj", "{14B5B898-DAE0-4EBC-945A-CBCC8B0D3E83}"
EndProject
Project("{2150E333-8FDC-42A3-9474-1A3956D46DE8}") = "instructor_classes", "instructor_classes", "{2A7DF08D-18DE-2F35-46DD-2101B9351AB2}"
EndProject
Project("{2150E333-8FDC-42A3-9474-1A3956D46DE8}") = "domain", "domain", "{B265C409-0DA5-704E-3842-E4DA507A49B7}"
EndProject
Project("{FAE04EC0-301F-11D3-BF4B-00C04F79EFBC}") = "InstructorClasses.Domain", "src\modules\instructor_classes\domain\InstructorClasses.Domain.csproj", "{E6149D0B-090B-4A1C-B81A-01AD40C9A796}"
EndProject
Project("{2150E333-8FDC-42A3-9474-1A3956D46DE8}") = "application", "application", "{072B526D-7500-93D0-A3C2-594F2E60E14C}"
EndProject
Project("{FAE04EC0-301F-11D3-BF4B-00C04F79EFBC}") = "InstructorClasses.Application", "src\modules\instructor_classes\application\InstructorClasses.Application.csproj", "{71B06D4C-CE4C-4BDF-9BC3-A9FC4D179929}"
EndProject
Project("{2150E333-8FDC-42A3-9474-1A3956D46DE8}") = "data", "data", "{EA3642FA-7FCF-7267-5045-F82783554B4E}"
EndProject
Project("{FAE04EC0-301F-11D3-BF4B-00C04F79EFBC}") = "InstructorClasses.Infrastructure", "src\modules\instructor_classes\data\InstructorClasses.Infrastructure.csproj", "{83E1FF61-8008-4CB6-B127-E903E0C3DD7D}"
EndProject
Project("{2150E333-8FDC-42A3-9474-1A3956D46DE8}") = "presentation", "presentation", "{FC2455D0-A3A9-0E2D-AF16-AF5D06C1B094}"
EndProject
Project("{FAE04EC0-301F-11D3-BF4B-00C04F79EFBC}") = "InstructorClasses.Api", "src\modules\instructor_classes\presentation\InstructorClasses.Api.csproj", "{2079F9A4-258B-4FB6-B048-1C46972F75E5}"
EndProject
Global
	GlobalSection(SolutionConfigurationPlatforms) = preSolution
		Debug|Any CPU = Debug|Any CPU
		Debug|x64 = Debug|x64
		Debug|x86 = Debug|x86
		Release|Any CPU = Release|Any CPU
		Release|x64 = Release|x64
		Release|x86 = Release|x86
	EndGlobalSection
	GlobalSection(ProjectConfigurationPlatforms) = postSolution
		{B8E8E8E8-E8E8-E8E8-E8E8-E8E8E8E8E8E8}.Debug|Any CPU.ActiveCfg = Debug|Any CPU
		{B8E8E8E8-E8E8-E8E8-E8E8-E8E8E8E8E8E8}.Debug|Any CPU.Build.0 = Debug|Any CPU
		{B8E8E8E8-E8E8-E8E8-E8E8-E8E8E8E8E8E8}.Debug|x64.ActiveCfg = Debug|Any CPU
		{B8E8E8E8-E8E8-E8E8-E8E8-E8E8E8E8E8E8}.Debug|x64.Build.0 = Debug|Any CPU
		{B8E8E8E8-E8E8-E8E8-E8E8-E8E8E8E8E8E8}.Debug|x86.ActiveCfg = Debug|Any CPU
		{B8E8E8E8-E8E8-E8E8-E8E8-E8E8E8E8E8E8}.Debug|x86.Build.0 = Debug|Any CPU
		{B8E8E8E8-E8E8-E8E8-E8E8-E8E8E8E8E8E8}.Release|Any CPU.ActiveCfg = Release|Any CPU
		{B8E8E8E8-E8E8-E8E8-E8E8-E8E8E8E8E8E8}.Release|Any CPU.Build.0 = Release|Any CPU
		{B8E8E8E8-E8E8-E8E8-E8E8-E8E8E8E8E8E8}.Release|x64.ActiveCfg = Release|Any CPU
		{B8E8E8E8-E8E8-E8E8-E8E8-E8E8E8E8E8E8}.Release|x64.Build.0 = Release|Any CPU
		{B8E8E8E8-E8E8-E8E8-E8E8-E8E8E8E8E8E8}.Release|x86.ActiveCfg = Release|Any CPU
		{B8E8E8E8-E8E8-E8E8-E8E8-E8E8E8E8E8E8}.Release|x86.Build.0 = Release|Any CPU
		{A1A1A1A1-A1A1-A1A1-A1A1-A1A1A1A1A1A1}.Debug|Any CPU.ActiveCfg = Debug|Any CPU
		{A1A1A1A1-A1A1-A1A1-A1A1-A1A1A1A1A1A1}.Debug|Any CPU.Build.0 = Debug|Any CPU
		{A1A1A1A1-A1A1-A1A1-A1A1-A1A1A1A1A1A1}.Debug|x64.ActiveCfg = Debug|Any CPU
		{A1A1A1A1-A1A1-A1A1-A1A1-A1A1A1A1A1A1}.Debug|x64.Build.0 = Debug|Any CPU
		{A1A1A1A1-A1A1-A1A1-A1A1-A1A1A1A1A1A1}.Debug|x86.ActiveCfg = Debug|Any CPU
		{A1A1A1A1-A1A1-A1A1-A1A1-A1A1A1A1A1A1}.Debug|x86.Build.0 = Debug|Any CPU
		{A1A1A1A1-A1A1-A1A1-A1A1-A1A1A1A1A1A1}.Release|Any CPU.ActiveCfg = Release|Any CPU
		{A1A1A1A1-A1A1-A1A1-A1A1-A1A1A1A1A1A1}.Release|Any CPU.Build.0 = Release|Any CPU
		{A1A1A1A1-A1A1-A1A1-A1A1-A1A1A1A1A1A1}.Release|x64.ActiveCfg = Release|Any CPU
		{A1A1A1A1-A1A1-A1A1-A1A1-A1A1A1A1A1A1}.Release|x64.Build.0 = Release|Any CPU
		{A1A1A1A1-A1A1-A1A1-A1A1-A1A1A1A1A1A1}.Release|x86.ActiveCfg = Release|Any CPU
		{A1A1A1A1-A1A1-A1A1-A1A1-A1A1A1A1A1A1}.Release|x86.Build.0 = Release|Any CPU
		{B2B2B2B2-B2B2-B2B2-B2B2-B2B2B2B2B2B2}.Debug|Any CPU.ActiveCfg = Debug|Any CPU
		{B2B2B2B2-B2B2-B2B2-B2B2-B2B2B2B2B2B2}.Debug|Any CPU.Build.0 = Debug|Any CPU
		{B2B2B2B2-B2B2-B2B2-B2B2-B2B2B2B2B2B2}.Debug|x64.ActiveCfg = Debug|Any CPU
		{B2B2B2B2-B2B2-B2B2-B2B2-B2B2B2B2B2B2}.Debug|x64.Build.0 = Debug|Any CPU
		{B2B2B2B2-B2B2-B2B2-B2B2-B2B2B2B2B2B2}.Debug|x86.ActiveCfg = Debug|Any CPU
		{B2B2B2B2-B2B2-B2B2-B2B2-B2B2B2B2B2B2}.Debug|x86.Build.0 = Debug|Any CPU
		{B2B2B2B2-B2B2-B2B2-B2B2-B2B2B2B2B2B2}.Release|Any CPU.ActiveCfg = Release|Any CPU
		{B2B2B2B2-B2B2-B2B2-B2B2-B2B2B2B2B2B2}.Release|Any CPU.Build.0 = Release|Any CPU
		{B2B2B2B2-B2B2-B2B2-B2B2-B2B2B2B2B2B2}.Release|x64.ActiveCfg = Release|Any CPU
		{B2B2B2B2-B2B2-B2B2-B2B2-B2B2B2B2B2B2}.Release|x64.Build.0 = Release|Any CPU
		{B2B2B2B2-B2B2-B2B2-B2B2-B2B2B2B2B2B2}.Release|x86.ActiveCfg = Release|Any CPU
		{B2B2B2B2-B2B2-B2B2-B2B2-B2B2B2B2B2B2}.Release|x86.Build.0 = Release|Any CPU
		{C3C3C3C3-C3C3-C3C3-C3C3-C3C3C3C3C3C3}.Debug|Any CPU.ActiveCfg = Debug|Any CPU
		{C3C3C3C3-C3C3-C3C3-C3C3-C3C3C3C3C3C3}.Debug|Any CPU.Build.0 = Debug|Any CPU
		{C3C3C3C3-C3C3-C3C3-C3C3-C3C3C3C3C3C3}.Debug|x64.ActiveCfg = Debug|Any CPU
		{C3C3C3C3-C3C3-C3C3-C3C3-C3C3C3C3C3C3}.Debug|x64.Build.0 = Debug|Any CPU
		{C3C3C3C3-C3C3-C3C3-C3C3-C3C3C3C3C3C3}.Debug|x86.ActiveCfg = Debug|Any CPU
		{C3C3C3C3-C3C3-C3C3-C3C3-C3C3C3C3C3C3}.Debug|x86.Build.0 = Debug|Any CPU
		{C3C3C3C3-C3C3-C3C3-C3C3-C3C3C3C3C3C3}.Release|Any CPU.ActiveCfg = Release|Any CPU
		{C3C3C3C3-C3C3-C3C3-C3C3-C3C3C3C3C3C3}.Release|Any CPU.Build.0 = Release|Any CPU
		{C3C3C3C3-C3C3-C3C3-C3C3-C3C3C3C3C3C3}.Release|x64.ActiveCfg = Release|Any CPU
		{C3C3C3C3-C3C3-C3C3-C3C3-C3C3C3C3C3C3}.Release|x64.Build.0 = Release|Any CPU
		{C3C3C3C3-C3C3-C3C3-C3C3-C3C3C3C3C3C3}.Release|x86.ActiveCfg = Release|Any CPU
		{C3C3C3C3-C3C3-C3C3-C3C3-C3C3C3C3C3C3}.Release|x86.Build.0 = Release|Any CPU
		{E2E2E2E2-E2E2-E2E2-E2E2-E2E2E2E2E2E2}.Debug|Any CPU.ActiveCfg = Debug|Any CPU
		{E2E2E2E2-E2E2-E2E2-E2E2-E2E2E2E2E2E2}.Debug|Any CPU.Build.0 = Debug|Any CPU
		{E2E2E2E2-E2E2-E2E2-E2E2-E2E2E2E2E2E2}.Debug|x64.ActiveCfg = Debug|Any CPU
		{E2E2E2E2-E2E2-E2E2-E2E2-E2E2E2E2E2E2}.Debug|x64.Build.0 = Debug|Any CPU
		{E2E2E2E2-E2E2-E2E2-E2E2-E2E2E2E2E2E2}.Debug|x86.ActiveCfg = Debug|Any CPU
		{E2E2E2E2-E2E2-E2E2-E2E2-E2E2E2E2E2E2}.Debug|x86.Build.0 = Debug|Any CPU
		{E2E2E2E2-E2E2-E2E2-E2E2-E2E2E2E2E2E2}.Release|Any CPU.ActiveCfg = Release|Any CPU
		{E2E2E2E2-E2E2-E2E2-E2E2-E2E2E2E2E2E2}.Release|Any CPU.Build.0 = Release|Any CPU
		{E2E2E2E2-E2E2-E2E2-E2E2-E2E2E2E2E2E2}.Release|x64.ActiveCfg = Release|Any CPU
		{E2E2E2E2-E2E2-E2E2-E2E2-E2E2E2E2E2E2}.Release|x64.Build.0 = Release|Any CPU
		{E2E2E2E2-E2E2-E2E2-E2E2-E2E2E2E2E2E2}.Release|x86.ActiveCfg = Release|Any CPU
		{E2E2E2E2-E2E2-E2E2-E2E2-E2E2E2E2E2E2}.Release|x86.Build.0 = Release|Any CPU
		{D4D4D4D4-D4D4-D4D4-D4D4-D4D4D4D4D4D4}.Debug|Any CPU.ActiveCfg = Debug|Any CPU
		{D4D4D4D4-D4D4-D4D4-D4D4-D4D4D4D4D4D4}.Debug|Any CPU.Build.0 = Debug|Any CPU
		{D4D4D4D4-D4D4-D4D4-D4D4-D4D4D4D4D4D4}.Debug|x64.ActiveCfg = Debug|Any CPU
		{D4D4D4D4-D4D4-D4D4-D4D4-D4D4D4D4D4D4}.Debug|x64.Build.0 = Debug|Any CPU
		{D4D4D4D4-D4D4-D4D4-D4D4-D4D4D4D4D4D4}.Debug|x86.ActiveCfg = Debug|Any CPU
		{D4D4D4D4-D4D4-D4D4-D4D4-D4D4D4D4D4D4}.Debug|x86.Build.0 = Debug|Any CPU
		{D4D4D4D4-D4D4-D4D4-D4D4-D4D4D4D4D4D4}.Release|Any CPU.ActiveCfg = Release|Any CPU
		{D4D4D4D4-D4D4-D4D4-D4D4-D4D4D4D4D4D4}.Release|Any CPU.Build.0 = Release|Any CPU
		{D4D4D4D4-D4D4-D4D4-D4D4-D4D4D4D4D4D4}.Release|x64.ActiveCfg = Release|Any CPU
		{D4D4D4D4-D4D4-D4D4-D4D4-D4D4D4D4D4D4}.Release|x64.Build.0 = Release|Any CPU
		{D4D4D4D4-D4D4-D4D4-D4D4-D4D4D4D4D4D4}.Release|x86.ActiveCfg = Release|Any CPU
		{D4D4D4D4-D4D4-D4D4-D4D4-D4D4D4D4D4D4}.Release|x86.Build.0 = Release|Any CPU
		{E5E5E5E5-E5E5-E5E5-E5E5-E5E5E5E5E5E5}.Debug|Any CPU.ActiveCfg = Debug|Any CPU
		{E5E5E5E5-E5E5-E5E5-E5E5-E5E5E5E5E5E5}.Debug|Any CPU.Build.0 = Debug|Any CPU
		{E5E5E5E5-E5E5-E5E5-E5E5-E5E5E5E5E5E5}.Debug|x64.ActiveCfg = Debug|Any CPU
		{E5E5E5E5-E5E5-E5E5-E5E5-E5E5E5E5E5E5}.Debug|x64.Build.0 = Debug|Any CPU
		{E5E5E5E5-E5E5-E5E5-E5E5-E5E5E5E5E5E5}.Debug|x86.ActiveCfg = Debug|Any CPU
		{E5E5E5E5-E5E5-E5E5-E5E5-E5E5E5E5E5E5}.Debug|x86.Build.0 = Debug|Any CPU
		{E5E5E5E5-E5E5-E5E5-E5E5-E5E5E5E5E5E5}.Release|Any CPU.ActiveCfg = Release|Any CPU
		{E5E5E5E5-E5E5-E5E5-E5E5-E5E5E5E5E5E5}.Release|Any CPU.Build.0 = Release|Any CPU
		{E5E5E5E5-E5E5-E5E5-E5E5-E5E5E5E5E5E5}.Release|x64.ActiveCfg = Release|Any CPU
		{E5E5E5E5-E5E5-E5E5-E5E5-E5E5E5E5E5E5}.Release|x64.Build.0 = Release|Any CPU
		{E5E5E5E5-E5E5-E5E5-E5E5-E5E5E5E5E5E5}.Release|x86.ActiveCfg = Release|Any CPU
		{E5E5E5E5-E5E5-E5E5-E5E5-E5E5E5E5E5E5}.Release|x86.Build.0 = Release|Any CPU
		{F6F6F6F6-F6F6-F6F6-F6F6-F6F6F6F6F6F6}.Debug|Any CPU.ActiveCfg = Debug|Any CPU
		{F6F6F6F6-F6F6-F6F6-F6F6-F6F6F6F6F6F6}.Debug|Any CPU.Build.0 = Debug|Any CPU
		{F6F6F6F6-F6F6-F6F6-F6F6-F6F6F6F6F6F6}.Debug|x64.ActiveCfg = Debug|Any CPU
		{F6F6F6F6-F6F6-F6F6-F6F6-F6F6F6F6F6F6}.Debug|x64.Build.0 = Debug|Any CPU
		{F6F6F6F6-F6F6-F6F6-F6F6-F6F6F6F6F6F6}.Debug|x86.ActiveCfg = Debug|Any CPU
		{F6F6F6F6-F6F6-F6F6-F6F6-F6F6F6F6F6F6}.Debug|x86.Build.0 = Debug|Any CPU
		{F6F6F6F6-F6F6-F6F6-F6F6-F6F6F6F6F6F6}.Release|Any CPU.ActiveCfg = Release|Any CPU
		{F6F6F6F6-F6F6-F6F6-F6F6-F6F6F6F6F6F6}.Release|Any CPU.Build.0 = Release|Any CPU
		{F6F6F6F6-F6F6-F6F6-F6F6-F6F6F6F6F6F6}.Release|x64.ActiveCfg = Release|Any CPU
		{F6F6F6F6-F6F6-F6F6-F6F6-F6F6F6F6F6F6}.Release|x64.Build.0 = Release|Any CPU
		{F6F6F6F6-F6F6-F6F6-F6F6-F6F6F6F6F6F6}.Release|x86.ActiveCfg = Release|Any CPU
		{F6F6F6F6-F6F6-F6F6-F6F6-F6F6F6F6F6F6}.Release|x86.Build.0 = Release|Any CPU
		{A7A7A7A7-A7A7-A7A7-A7A7-A7A7A7A7A7A7}.Debug|Any CPU.ActiveCfg = Debug|Any CPU
		{A7A7A7A7-A7A7-A7A7-A7A7-A7A7A7A7A7A7}.Debug|Any CPU.Build.0 = Debug|Any CPU
		{A7A7A7A7-A7A7-A7A7-A7A7-A7A7A7A7A7A7}.Debug|x64.ActiveCfg = Debug|Any CPU
		{A7A7A7A7-A7A7-A7A7-A7A7-A7A7A7A7A7A7}.Debug|x64.Build.0 = Debug|Any CPU
		{A7A7A7A7-A7A7-A7A7-A7A7-A7A7A7A7A7A7}.Debug|x86.ActiveCfg = Debug|Any CPU
		{A7A7A7A7-A7A7-A7A7-A7A7-A7A7A7A7A7A7}.Debug|x86.Build.0 = Debug|Any CPU
		{A7A7A7A7-A7A7-A7A7-A7A7-A7A7A7A7A7A7}.Release|Any CPU.ActiveCfg = Release|Any CPU
		{A7A7A7A7-A7A7-A7A7-A7A7-A7A7A7A7A7A7}.Release|Any CPU.Build.0 = Release|Any CPU
		{A7A7A7A7-A7A7-A7A7-A7A7-A7A7A7A7A7A7}.Release|x64.ActiveCfg = Release|Any CPU
		{A7A7A7A7-A7A7-A7A7-A7A7-A7A7A7A7A7A7}.Release|x64.Build.0 = Release|Any CPU
		{A7A7A7A7-A7A7-A7A7-A7A7-A7A7A7A7A7A7}.Release|x86.ActiveCfg = Release|Any CPU
		{A7A7A7A7-A7A7-A7A7-A7A7-A7A7A7A7A7A7}.Release|x86.Build.0 = Release|Any CPU
		{B8B8B8B8-B8B8-B8B8-B8B8-B8B8B8B8B8B8}.Debug|Any CPU.ActiveCfg = Debug|Any CPU
		{B8B8B8B8-B8B8-B8B8-B8B8-B8B8B8B8B8B8}.Debug|Any CPU.Build.0 = Debug|Any CPU
		{B8B8B8B8-B8B8-B8B8-B8B8-B8B8B8B8B8B8}.Debug|x64.ActiveCfg = Debug|Any CPU
		{B8B8B8B8-B8B8-B8B8-B8B8-B8B8B8B8B8B8}.Debug|x64.Build.0 = Debug|Any CPU
		{B8B8B8B8-B8B8-B8B8-B8B8-B8B8B8B8B8B8}.Debug|x86.ActiveCfg = Debug|Any CPU
		{B8B8B8B8-B8B8-B8B8-B8B8-B8B8B8B8B8B8}.Debug|x86.Build.0 = Debug|Any CPU
		{B8B8B8B8-B8B8-B8B8-B8B8-B8B8B8B8B8B8}.Release|Any CPU.ActiveCfg = Release|Any CPU
		{B8B8B8B8-B8B8-B8B8-B8B8-B8B8B8B8B8B8}.Release|Any CPU.Build.0 = Release|Any CPU
		{B8B8B8B8-B8B8-B8B8-B8B8-B8B8B8B8B8B8}.Release|x64.ActiveCfg = Release|Any CPU
		{B8B8B8B8-B8B8-B8B8-B8B8-B8B8B8B8B8B8}.Release|x64.Build.0 = Release|Any CPU
		{B8B8B8B8-B8B8-B8B8-B8B8-B8B8B8B8B8B8}.Release|x86.ActiveCfg = Release|Any CPU
		{B8B8B8B8-B8B8-B8B8-B8B8-B8B8B8B8B8B8}.Release|x86.Build.0 = Release|Any CPU
		{C9C9C9C9-C9C9-C9C9-C9C9-C9C9C9C9C9C9}.Debug|Any CPU.ActiveCfg = Debug|Any CPU
		{C9C9C9C9-C9C9-C9C9-C9C9-C9C9C9C9C9C9}.Debug|Any CPU.Build.0 = Debug|Any CPU
		{C9C9C9C9-C9C9-C9C9-C9C9-C9C9C9C9C9C9}.Debug|x64.ActiveCfg = Debug|Any CPU
		{C9C9C9C9-C9C9-C9C9-C9C9-C9C9C9C9C9C9}.Debug|x64.Build.0 = Debug|Any CPU
		{C9C9C9C9-C9C9-C9C9-C9C9-C9C9C9C9C9C9}.Debug|x86.ActiveCfg = Debug|Any CPU
		{C9C9C9C9-C9C9-C9C9-C9C9-C9C9C9C9C9C9}.Debug|x86.Build.0 = Debug|Any CPU
		{C9C9C9C9-C9C9-C9C9-C9C9-C9C9C9C9C9C9}.Release|Any CPU.ActiveCfg = Release|Any CPU
		{C9C9C9C9-C9C9-C9C9-C9C9-C9C9C9C9C9C9}.Release|Any CPU.Build.0 = Release|Any CPU
		{C9C9C9C9-C9C9-C9C9-C9C9-C9C9C9C9C9C9}.Release|x64.ActiveCfg = Release|Any CPU
		{C9C9C9C9-C9C9-C9C9-C9C9-C9C9C9C9C9C9}.Release|x64.Build.0 = Release|Any CPU
		{C9C9C9C9-C9C9-C9C9-C9C9-C9C9C9C9C9C9}.Release|x86.ActiveCfg = Release|Any CPU
		{C9C9C9C9-C9C9-C9C9-C9C9-C9C9C9C9C9C9}.Release|x86.Build.0 = Release|Any CPU
		{D0D0D0D0-D0D0-D0D0-D0D0-D0D0D0D0D0D0}.Debug|Any CPU.ActiveCfg = Debug|Any CPU
		{D0D0D0D0-D0D0-D0D0-D0D0-D0D0D0D0D0D0}.Debug|Any CPU.Build.0 = Debug|Any CPU
		{D0D0D0D0-D0D0-D0D0-D0D0-D0D0D0D0D0D0}.Debug|x64.ActiveCfg = Debug|Any CPU
		{D0D0D0D0-D0D0-D0D0-D0D0-D0D0D0D0D0D0}.Debug|x64.Build.0 = Debug|Any CPU
		{D0D0D0D0-D0D0-D0D0-D0D0-D0D0D0D0D0D0}.Debug|x86.ActiveCfg = Debug|Any CPU
		{D0D0D0D0-D0D0-D0D0-D0D0-D0D0D0D0D0D0}.Debug|x86.Build.0 = Debug|Any CPU
		{D0D0D0D0-D0D0-D0D0-D0D0-D0D0D0D0D0D0}.Release|Any CPU.ActiveCfg = Release|Any CPU
		{D0D0D0D0-D0D0-D0D0-D0D0-D0D0D0D0D0D0}.Release|Any CPU.Build.0 = Release|Any CPU
		{D0D0D0D0-D0D0-D0D0-D0D0-D0D0D0D0D0D0}.Release|x64.ActiveCfg = Release|Any CPU
		{D0D0D0D0-D0D0-D0D0-D0D0-D0D0D0D0D0D0}.Release|x64.Build.0 = Release|Any CPU
		{D0D0D0D0-D0D0-D0D0-D0D0-D0D0D0D0D0D0}.Release|x86.ActiveCfg = Release|Any CPU
		{D0D0D0D0-D0D0-D0D0-D0D0-D0D0D0D0D0D0}.Release|x86.Build.0 = Release|Any CPU
		{E1E1E1E1-E1E1-E1E1-E1E1-E1E1E1E1E1E1}.Debug|Any CPU.ActiveCfg = Debug|Any CPU
		{E1E1E1E1-E1E1-E1E1-E1E1-E1E1E1E1E1E1}.Debug|Any CPU.Build.0 = Debug|Any CPU
		{E1E1E1E1-E1E1-E1E1-E1E1-E1E1E1E1E1E1}.Debug|x64.ActiveCfg = Debug|Any CPU
		{E1E1E1E1-E1E1-E1E1-E1E1-E1E1E1E1E1E1}.Debug|x64.Build.0 = Debug|Any CPU
		{E1E1E1E1-E1E1-E1E1-E1E1-E1E1E1E1E1E1}.Debug|x86.ActiveCfg = Debug|Any CPU
		{E1E1E1E1-E1E1-E1E1-E1E1-E1E1E1E1E1E1}.Debug|x86.Build.0 = Debug|Any CPU
		{E1E1E1E1-E1E1-E1E1-E1E1-E1E1E1E1E1E1}.Release|Any CPU.ActiveCfg = Release|Any CPU
		{E1E1E1E1-E1E1-E1E1-E1E1-E1E1E1E1E1E1}.Release|Any CPU.Build.0 = Release|Any CPU
		{E1E1E1E1-E1E1-E1E1-E1E1-E1E1E1E1E1E1}.Release|x64.ActiveCfg = Release|Any CPU
		{E1E1E1E1-E1E1-E1E1-E1E1-E1E1E1E1E1E1}.Release|x64.Build.0 = Release|Any CPU
		{E1E1E1E1-E1E1-E1E1-E1E1-E1E1E1E1E1E1}.Release|x86.ActiveCfg = Release|Any CPU
		{E1E1E1E1-E1E1-E1E1-E1E1-E1E1E1E1E1E1}.Release|x86.Build.0 = Release|Any CPU
		{F2F2F2F2-F2F2-F2F2-F2F2-F2F2F2F2F2F2}.Debug|Any CPU.ActiveCfg = Debug|Any CPU
		{F2F2F2F2-F2F2-F2F2-F2F2-F2F2F2F2F2F2}.Debug|Any CPU.Build.0 = Debug|Any CPU
		{F2F2F2F2-F2F2-F2F2-F2F2-F2F2F2F2F2F2}.Debug|x64.ActiveCfg = Debug|Any CPU
		{F2F2F2F2-F2F2-F2F2-F2F2-F2F2F2F2F2F2}.Debug|x64.Build.0 = Debug|Any CPU
		{F2F2F2F2-F2F2-F2F2-F2F2-F2F2F2F2F2F2}.Debug|x86.ActiveCfg = Debug|Any CPU
		{F2F2F2F2-F2F2-F2F2-F2F2-F2F2F2F2F2F2}.Debug|x86.Build.0 = Debug|Any CPU
		{F2F2F2F2-F2F2-F2F2-F2F2-F2F2F2F2F2F2}.Release|Any CPU.ActiveCfg = Release|Any CPU
		{F2F2F2F2-F2F2-F2F2-F2F2-F2F2F2F2F2F2}.Release|Any CPU.Build.0 = Release|Any CPU
		{F2F2F2F2-F2F2-F2F2-F2F2-F2F2F2F2F2F2}.Release|x64.ActiveCfg = Release|Any CPU
		{F2F2F2F2-F2F2-F2F2-F2F2-F2F2F2F2F2F2}.Release|x64.Build.0 = Release|Any CPU
		{F2F2F2F2-F2F2-F2F2-F2F2-F2F2F2F2F2F2}.Release|x86.ActiveCfg = Release|Any CPU
		{F2F2F2F2-F2F2-F2F2-F2F2-F2F2F2F2F2F2}.Release|x86.Build.0 = Release|Any CPU
		{A3A3A3A3-A3A3-A3A3-A3A3-A3A3A3A3A3A3}.Debug|Any CPU.ActiveCfg = Debug|Any CPU
		{A3A3A3A3-A3A3-A3A3-A3A3-A3A3A3A3A3A3}.Debug|Any CPU.Build.0 = Debug|Any CPU
		{A3A3A3A3-A3A3-A3A3-A3A3-A3A3A3A3A3A3}.Debug|x64.ActiveCfg = Debug|Any CPU
		{A3A3A3A3-A3A3-A3A3-A3A3-A3A3A3A3A3A3}.Debug|x64.Build.0 = Debug|Any CPU
		{A3A3A3A3-A3A3-A3A3-A3A3-A3A3A3A3A3A3}.Debug|x86.ActiveCfg = Debug|Any CPU
		{A3A3A3A3-A3A3-A3A3-A3A3-A3A3A3A3A3A3}.Debug|x86.Build.0 = Debug|Any CPU
		{A3A3A3A3-A3A3-A3A3-A3A3-A3A3A3A3A3A3}.Release|Any CPU.ActiveCfg = Release|Any CPU
		{A3A3A3A3-A3A3-A3A3-A3A3-A3A3A3A3A3A3}.Release|Any CPU.Build.0 = Release|Any CPU
		{A3A3A3A3-A3A3-A3A3-A3A3-A3A3A3A3A3A3}.Release|x64.ActiveCfg = Release|Any CPU
		{A3A3A3A3-A3A3-A3A3-A3A3-A3A3A3A3A3A3}.Release|x64.Build.0 = Release|Any CPU
		{A3A3A3A3-A3A3-A3A3-A3A3-A3A3A3A3A3A3}.Release|x86.ActiveCfg = Release|Any CPU
		{A3A3A3A3-A3A3-A3A3-A3A3-A3A3A3A3A3A3}.Release|x86.Build.0 = Release|Any CPU
		{B4B4B4B4-B4B4-B4B4-B4B4-B4B4B4B4B4B4}.Debug|Any CPU.ActiveCfg = Debug|Any CPU
		{B4B4B4B4-B4B4-B4B4-B4B4-B4B4B4B4B4B4}.Debug|Any CPU.Build.0 = Debug|Any CPU
		{B4B4B4B4-B4B4-B4B4-B4B4-B4B4B4B4B4B4}.Debug|x64.ActiveCfg = Debug|Any CPU
		{B4B4B4B4-B4B4-B4B4-B4B4-B4B4B4B4B4B4}.Debug|x64.Build.0 = Debug|Any CPU
		{B4B4B4B4-B4B4-B4B4-B4B4-B4B4B4B4B4B4}.Debug|x86.ActiveCfg = Debug|Any CPU
		{B4B4B4B4-B4B4-B4B4-B4B4-B4B4B4B4B4B4}.Debug|x86.Build.0 = Debug|Any CPU
		{B4B4B4B4-B4B4-B4B4-B4B4-B4B4B4B4B4B4}.Release|Any CPU.ActiveCfg = Release|Any CPU
		{B4B4B4B4-B4B4-B4B4-B4B4-B4B4B4B4B4B4}.Release|Any CPU.Build.0 = Release|Any CPU
		{B4B4B4B4-B4B4-B4B4-B4B4-B4B4B4B4B4B4}.Release|x64.ActiveCfg = Release|Any CPU
		{B4B4B4B4-B4B4-B4B4-B4B4-B4B4B4B4B4B4}.Release|x64.Build.0 = Release|Any CPU
		{B4B4B4B4-B4B4-B4B4-B4B4-B4B4B4B4B4B4}.Release|x86.ActiveCfg = Release|Any CPU
		{B4B4B4B4-B4B4-B4B4-B4B4-B4B4B4B4B4B4}.Release|x86.Build.0 = Release|Any CPU
		{C5C5C5C5-C5C5-C5C5-C5C5-C5C5C5C5C5C5}.Debug|Any CPU.ActiveCfg = Debug|Any CPU
		{C5C5C5C5-C5C5-C5C5-C5C5-C5C5C5C5C5C5}.Debug|Any CPU.Build.0 = Debug|Any CPU
		{C5C5C5C5-C5C5-C5C5-C5C5-C5C5C5C5C5C5}.Debug|x64.ActiveCfg = Debug|Any CPU
		{C5C5C5C5-C5C5-C5C5-C5C5-C5C5C5C5C5C5}.Debug|x64.Build.0 = Debug|Any CPU
		{C5C5C5C5-C5C5-C5C5-C5C5-C5C5C5C5C5C5}.Debug|x86.ActiveCfg = Debug|Any CPU
		{C5C5C5C5-C5C5-C5C5-C5C5-C5C5C5C5C5C5}.Debug|x86.Build.0 = Debug|Any CPU
		{C5C5C5C5-C5C5-C5C5-C5C5-C5C5C5C5C5C5}.Release|Any CPU.ActiveCfg = Release|Any CPU
		{C5C5C5C5-C5C5-C5C5-C5C5-C5C5C5C5C5C5}.Release|Any CPU.Build.0 = Release|Any CPU
		{C5C5C5C5-C5C5-C5C5-C5C5-C5C5C5C5C5C5}.Release|x64.ActiveCfg = Release|Any CPU
		{C5C5C5C5-C5C5-C5C5-C5C5-C5C5C5C5C5C5}.Release|x64.Build.0 = Release|Any CPU
		{C5C5C5C5-C5C5-C5C5-C5C5-C5C5C5C5C5C5}.Release|x86.ActiveCfg = Release|Any CPU
		{C5C5C5C5-C5C5-C5C5-C5C5-C5C5C5C5C5C5}.Release|x86.Build.0 = Release|Any CPU
		{D6D6D6D6-D6D6-D6D6-D6D6-D6D6D6D6D6D6}.Debug|Any CPU.ActiveCfg = Debug|Any CPU
		{D6D6D6D6-D6D6-D6D6-D6D6-D6D6D6D6D6D6}.Debug|Any CPU.Build.0 = Debug|Any CPU
		{D6D6D6D6-D6D6-D6D6-D6D6-D6D6D6D6D6D6}.Debug|x64.ActiveCfg = Debug|Any CPU
		{D6D6D6D6-D6D6-D6D6-D6D6-D6D6D6D6D6D6}.Debug|x64.Build.0 = Debug|Any CPU
		{D6D6D6D6-D6D6-D6D6-D6D6-D6D6D6D6D6D6}.Debug|x86.ActiveCfg = Debug|Any CPU
		{D6D6D6D6-D6D6-D6D6-D6D6-D6D6D6D6D6D6}.Debug|x86.Build.0 = Debug|Any CPU
		{D6D6D6D6-D6D6-D6D6-D6D6-D6D6D6D6D6D6}.Release|Any CPU.ActiveCfg = Release|Any CPU
		{D6D6D6D6-D6D6-D6D6-D6D6-D6D6D6D6D6D6}.Release|Any CPU.Build.0 = Release|Any CPU
		{D6D6D6D6-D6D6-D6D6-D6D6-D6D6D6D6D6D6}.Release|x64.ActiveCfg = Release|Any CPU
		{D6D6D6D6-D6D6-D6D6-D6D6-D6D6D6D6D6D6}.Release|x64.Build.0 = Release|Any CPU
		{D6D6D6D6-D6D6-D6D6-D6D6-D6D6D6D6D6D6}.Release|x86.ActiveCfg = Release|Any CPU
		{D6D6D6D6-D6D6-D6D6-D6D6-D6D6D6D6D6D6}.Release|x86.Build.0 = Release|Any CPU
		{E7E7E7E7-E7E7-E7E7-E7E7-E7E7E7E7E7E7}.Debug|Any CPU.ActiveCfg = Debug|Any CPU
		{E7E7E7E7-E7E7-E7E7-E7E7-E7E7E7E7E7E7}.Debug|Any CPU.Build.0 = Debug|Any CPU
		{E7E7E7E7-E7E7-E7E7-E7E7-E7E7E7E7E7E7}.Debug|x64.ActiveCfg = Debug|Any CPU
		{E7E7E7E7-E7E7-E7E7-E7E7-E7E7E7E7E7E7}.Debug|x64.Build.0 = Debug|Any CPU
		{E7E7E7E7-E7E7-E7E7-E7E7-E7E7E7E7E7E7}.Debug|x86.ActiveCfg = Debug|Any CPU
		{E7E7E7E7-E7E7-E7E7-E7E7-E7E7E7E7E7E7}.Debug|x86.Build.0 = Debug|Any CPU
		{E7E7E7E7-E7E7-E7E7-E7E7-E7E7E7E7E7E7}.Release|Any CPU.ActiveCfg = Release|Any CPU
		{E7E7E7E7-E7E7-E7E7-E7E7-E7E7E7E7E7E7}.Release|Any CPU.Build.0 = Release|Any CPU
		{E7E7E7E7-E7E7-E7E7-E7E7-E7E7E7E7E7E7}.Release|x64.ActiveCfg = Release|Any CPU
		{E7E7E7E7-E7E7-E7E7-E7E7-E7E7E7E7E7E7}.Release|x64.Build.0 = Release|Any CPU
		{E7E7E7E7-E7E7-E7E7-E7E7-E7E7E7E7E7E7}.Release|x86.ActiveCfg = Release|Any CPU
		{E7E7E7E7-E7E7-E7E7-E7E7-E7E7E7E7E7E7}.Release|x86.Build.0 = Release|Any CPU
		{F8F8F8F8-F8F8-F8F8-F8F8-F8F8F8F8F8F8}.Debug|Any CPU.ActiveCfg = Debug|Any CPU
		{F8F8F8F8-F8F8-F8F8-F8F8-F8F8F8F8F8F8}.Debug|Any CPU.Build.0 = Debug|Any CPU
		{F8F8F8F8-F8F8-F8F8-F8F8-F8F8F8F8F8F8}.Debug|x64.ActiveCfg = Debug|Any CPU
		{F8F8F8F8-F8F8-F8F8-F8F8-F8F8F8F8F8F8}.Debug|x64.Build.0 = Debug|Any CPU
		{F8F8F8F8-F8F8-F8F8-F8F8-F8F8F8F8F8F8}.Debug|x86.ActiveCfg = Debug|Any CPU
		{F8F8F8F8-F8F8-F8F8-F8F8-F8F8F8F8F8F8}.Debug|x86.Build.0 = Debug|Any CPU
		{F8F8F8F8-F8F8-F8F8-F8F8-F8F8F8F8F8F8}.Release|Any CPU.ActiveCfg = Release|Any CPU
		{F8F8F8F8-F8F8-F8F8-F8F8-F8F8F8F8F8F8}.Release|Any CPU.Build.0 = Release|Any CPU
		{F8F8F8F8-F8F8-F8F8-F8F8-F8F8F8F8F8F8}.Release|x64.ActiveCfg = Release|Any CPU
		{F8F8F8F8-F8F8-F8F8-F8F8-F8F8F8F8F8F8}.Release|x64.Build.0 = Release|Any CPU
		{F8F8F8F8-F8F8-F8F8-F8F8-F8F8F8F8F8F8}.Release|x86.ActiveCfg = Release|Any CPU
		{F8F8F8F8-F8F8-F8F8-F8F8-F8F8F8F8F8F8}.Release|x86.Build.0 = Release|Any CPU
		{A9A9A9A9-A9A9-A9A9-A9A9-A9A9A9A9A9A9}.Debug|Any CPU.ActiveCfg = Debug|Any CPU
		{A9A9A9A9-A9A9-A9A9-A9A9-A9A9A9A9A9A9}.Debug|Any CPU.Build.0 = Debug|Any CPU
		{A9A9A9A9-A9A9-A9A9-A9A9-A9A9A9A9A9A9}.Debug|x64.ActiveCfg = Debug|Any CPU
		{A9A9A9A9-A9A9-A9A9-A9A9-A9A9A9A9A9A9}.Debug|x64.Build.0 = Debug|Any CPU
		{A9A9A9A9-A9A9-A9A9-A9A9-A9A9A9A9A9A9}.Debug|x86.ActiveCfg = Debug|Any CPU
		{A9A9A9A9-A9A9-A9A9-A9A9-A9A9A9A9A9A9}.Debug|x86.Build.0 = Debug|Any CPU
		{A9A9A9A9-A9A9-A9A9-A9A9-A9A9A9A9A9A9}.Release|Any CPU.ActiveCfg = Release|Any CPU
		{A9A9A9A9-A9A9-A9A9-A9A9-A9A9A9A9A9A9}.Release|Any CPU.Build.0 = Release|Any CPU
		{A9A9A9A9-A9A9-A9A9-A9A9-A9A9A9A9A9A9}.Release|x64.ActiveCfg = Release|Any CPU
		{A9A9A9A9-A9A9-A9A9-A9A9-A9A9A9A9A9A9}.Release|x64.Build.0 = Release|Any CPU
		{A9A9A9A9-A9A9-A9A9-A9A9-A9A9A9A9A9A9}.Release|x86.ActiveCfg = Release|Any CPU
		{A9A9A9A9-A9A9-A9A9-A9A9-A9A9A9A9A9A9}.Release|x86.Build.0 = Release|Any CPU
		{AA11AA11-1111-1111-1111-AA11AA11AA11}.Debug|Any CPU.ActiveCfg = Debug|Any CPU
		{AA11AA11-1111-1111-1111-AA11AA11AA11}.Debug|Any CPU.Build.0 = Debug|Any CPU
		{AA11AA11-1111-1111-1111-AA11AA11AA11}.Debug|x64.ActiveCfg = Debug|Any CPU
		{AA11AA11-1111-1111-1111-AA11AA11AA11}.Debug|x64.Build.0 = Debug|Any CPU
		{AA11AA11-1111-1111-1111-AA11AA11AA11}.Debug|x86.ActiveCfg = Debug|Any CPU
		{AA11AA11-1111-1111-1111-AA11AA11AA11}.Debug|x86.Build.0 = Debug|Any CPU
		{AA11AA11-1111-1111-1111-AA11AA11AA11}.Release|Any CPU.ActiveCfg = Release|Any CPU
		{AA11AA11-1111-1111-1111-AA11AA11AA11}.Release|Any CPU.Build.0 = Release|Any CPU
		{AA11AA11-1111-1111-1111-AA11AA11AA11}.Release|x64.ActiveCfg = Release|Any CPU
		{AA11AA11-1111-1111-1111-AA11AA11AA11}.Release|x64.Build.0 = Release|Any CPU
		{AA11AA11-1111-1111-1111-AA11AA11AA11}.Release|x86.ActiveCfg = Release|Any CPU
		{AA11AA11-1111-1111-1111-AA11AA11AA11}.Release|x86.Build.0 = Release|Any CPU
		{BB22BB22-2222-2222-2222-BB22BB22BB22}.Debug|Any CPU.ActiveCfg = Debug|Any CPU
		{BB22BB22-2222-2222-2222-BB22BB22BB22}.Debug|Any CPU.Build.0 = Debug|Any CPU
		{BB22BB22-2222-2222-2222-BB22BB22BB22}.Debug|x64.ActiveCfg = Debug|Any CPU
		{BB22BB22-2222-2222-2222-BB22BB22BB22}.Debug|x64.Build.0 = Debug|Any CPU
		{BB22BB22-2222-2222-2222-BB22BB22BB22}.Debug|x86.ActiveCfg = Debug|Any CPU
		{BB22BB22-2222-2222-2222-BB22BB22BB22}.Debug|x86.Build.0 = Debug|Any CPU
		{BB22BB22-2222-2222-2222-BB22BB22BB22}.Release|Any CPU.ActiveCfg = Release|Any CPU
		{BB22BB22-2222-2222-2222-BB22BB22BB22}.Release|Any CPU.Build.0 = Release|Any CPU
		{BB22BB22-2222-2222-2222-BB22BB22BB22}.Release|x64.ActiveCfg = Release|Any CPU
		{BB22BB22-2222-2222-2222-BB22BB22BB22}.Release|x64.Build.0 = Release|Any CPU
		{BB22BB22-2222-2222-2222-BB22BB22BB22}.Release|x86.ActiveCfg = Release|Any CPU
		{BB22BB22-2222-2222-2222-BB22BB22BB22}.Release|x86.Build.0 = Release|Any CPU
		{CC33CC33-3333-3333-3333-CC33CC33CC33}.Debug|Any CPU.ActiveCfg = Debug|Any CPU
		{CC33CC33-3333-3333-3333-CC33CC33CC33}.Debug|Any CPU.Build.0 = Debug|Any CPU
		{CC33CC33-3333-3333-3333-CC33CC33CC33}.Debug|x64.ActiveCfg = Debug|Any CPU
		{CC33CC33-3333-3333-3333-CC33CC33CC33}.Debug|x64.Build.0 = Debug|Any CPU
		{CC33CC33-3333-3333-3333-CC33CC33CC33}.Debug|x86.ActiveCfg = Debug|Any CPU
		{CC33CC33-3333-3333-3333-CC33CC33CC33}.Debug|x86.Build.0 = Debug|Any CPU
		{CC33CC33-3333-3333-3333-CC33CC33CC33}.Release|Any CPU.ActiveCfg = Release|Any CPU
		{CC33CC33-3333-3333-3333-CC33CC33CC33}.Release|Any CPU.Build.0 = Release|Any CPU
		{CC33CC33-3333-3333-3333-CC33CC33CC33}.Release|x64.ActiveCfg = Release|Any CPU
		{CC33CC33-3333-3333-3333-CC33CC33CC33}.Release|x64.Build.0 = Release|Any CPU
		{CC33CC33-3333-3333-3333-CC33CC33CC33}.Release|x86.ActiveCfg = Release|Any CPU
		{CC33CC33-3333-3333-3333-CC33CC33CC33}.Release|x86.Build.0 = Release|Any CPU
		{DD44DD44-4444-4444-4444-DD44DD44DD44}.Debug|Any CPU.ActiveCfg = Debug|Any CPU
		{DD44DD44-4444-4444-4444-DD44DD44DD44}.Debug|Any CPU.Build.0 = Debug|Any CPU
		{DD44DD44-4444-4444-4444-DD44DD44DD44}.Debug|x64.ActiveCfg = Debug|Any CPU
		{DD44DD44-4444-4444-4444-DD44DD44DD44}.Debug|x64.Build.0 = Debug|Any CPU
		{DD44DD44-4444-4444-4444-DD44DD44DD44}.Debug|x86.ActiveCfg = Debug|Any CPU
		{DD44DD44-4444-4444-4444-DD44DD44DD44}.Debug|x86.Build.0 = Debug|Any CPU
		{DD44DD44-4444-4444-4444-DD44DD44DD44}.Release|Any CPU.ActiveCfg = Release|Any CPU
		{DD44DD44-4444-4444-4444-DD44DD44DD44}.Release|Any CPU.Build.0 = Release|Any CPU
		{DD44DD44-4444-4444-4444-DD44DD44DD44}.Release|x64.ActiveCfg = Release|Any CPU
		{DD44DD44-4444-4444-4444-DD44DD44DD44}.Release|x64.Build.0 = Release|Any CPU
		{DD44DD44-4444-4444-4444-DD44DD44DD44}.Release|x86.ActiveCfg = Release|Any CPU
		{DD44DD44-4444-4444-4444-DD44DD44DD44}.Release|x86.Build.0 = Release|Any CPU
		{EE11EE11-1111-1111-1111-EE11EE11EE11}.Debug|Any CPU.ActiveCfg = Debug|Any CPU
		{EE11EE11-1111-1111-1111-EE11EE11EE11}.Debug|Any CPU.Build.0 = Debug|Any CPU
		{EE11EE11-1111-1111-1111-EE11EE11EE11}.Debug|x64.ActiveCfg = Debug|Any CPU
		{EE11EE11-1111-1111-1111-EE11EE11EE11}.Debug|x64.Build.0 = Debug|Any CPU
		{EE11EE11-1111-1111-1111-EE11EE11EE11}.Debug|x86.ActiveCfg = Debug|Any CPU
		{EE11EE11-1111-1111-1111-EE11EE11EE11}.Debug|x86.Build.0 = Debug|Any CPU
		{EE11EE11-1111-1111-1111-EE11EE11EE11}.Release|Any CPU.ActiveCfg = Release|Any CPU
		{EE11EE11-1111-1111-1111-EE11EE11EE11}.Release|Any CPU.Build.0 = Release|Any CPU
		{EE11EE11-1111-1111-1111-EE11EE11EE11}.Release|x64.ActiveCfg = Release|Any CPU
		{EE11EE11-1111-1111-1111-EE11EE11EE11}.Release|x64.Build.0 = Release|Any CPU
		{EE11EE11-1111-1111-1111-EE11EE11EE11}.Release|x86.ActiveCfg = Release|Any CPU
		{EE11EE11-1111-1111-1111-EE11EE11EE11}.Release|x86.Build.0 = Release|Any CPU
		{EE22EE22-2222-2222-2222-EE22EE22EE22}.Debug|Any CPU.ActiveCfg = Debug|Any CPU
		{EE22EE22-2222-2222-2222-EE22EE22EE22}.Debug|Any CPU.Build.0 = Debug|Any CPU
		{EE22EE22-2222-2222-2222-EE22EE22EE22}.Debug|x64.ActiveCfg = Debug|Any CPU
		{EE22EE22-2222-2222-2222-EE22EE22EE22}.Debug|x64.Build.0 = Debug|Any CPU
		{EE22EE22-2222-2222-2222-EE22EE22EE22}.Debug|x86.ActiveCfg = Debug|Any CPU
		{EE22EE22-2222-2222-2222-EE22EE22EE22}.Debug|x86.Build.0 = Debug|Any CPU
		{EE22EE22-2222-2222-2222-EE22EE22EE22}.Release|Any CPU.ActiveCfg = Release|Any CPU
		{EE22EE22-2222-2222-2222-EE22EE22EE22}.Release|Any CPU.Build.0 = Release|Any CPU
		{EE22EE22-2222-2222-2222-EE22EE22EE22}.Release|x64.ActiveCfg = Release|Any CPU
		{EE22EE22-2222-2222-2222-EE22EE22EE22}.Release|x64.Build.0 = Release|Any CPU
		{EE22EE22-2222-2222-2222-EE22EE22EE22}.Release|x86.ActiveCfg = Release|Any CPU
		{EE22EE22-2222-2222-2222-EE22EE22EE22}.Release|x86.Build.0 = Release|Any CPU
		{EE33EE33-3333-3333-3333-EE33EE33EE33}.Debug|Any CPU.ActiveCfg = Debug|Any CPU
		{EE33EE33-3333-3333-3333-EE33EE33EE33}.Debug|Any CPU.Build.0 = Debug|Any CPU
		{EE33EE33-3333-3333-3333-EE33EE33EE33}.Debug|x64.ActiveCfg = Debug|Any CPU
		{EE33EE33-3333-3333-3333-EE33EE33EE33}.Debug|x64.Build.0 = Debug|Any CPU
		{EE33EE33-3333-3333-3333-EE33EE33EE33}.Debug|x86.ActiveCfg = Debug|Any CPU
		{EE33EE33-3333-3333-3333-EE33EE33EE33}.Debug|x86.Build.0 = Debug|Any CPU
		{EE33EE33-3333-3333-3333-EE33EE33EE33}.Release|Any CPU.ActiveCfg = Release|Any CPU
		{EE33EE33-3333-3333-3333-EE33EE33EE33}.Release|Any CPU.Build.0 = Release|Any CPU
		{EE33EE33-3333-3333-3333-EE33EE33EE33}.Release|x64.ActiveCfg = Release|Any CPU
		{EE33EE33-3333-3333-3333-EE33EE33EE33}.Release|x64.Build.0 = Release|Any CPU
		{EE33EE33-3333-3333-3333-EE33EE33EE33}.Release|x86.ActiveCfg = Release|Any CPU
		{EE33EE33-3333-3333-3333-EE33EE33EE33}.Release|x86.Build.0 = Release|Any CPU
		{EE44EE44-4444-4444-4444-EE44EE44EE44}.Debug|Any CPU.ActiveCfg = Debug|Any CPU
		{EE44EE44-4444-4444-4444-EE44EE44EE44}.Debug|Any CPU.Build.0 = Debug|Any CPU
		{EE44EE44-4444-4444-4444-EE44EE44EE44}.Debug|x64.ActiveCfg = Debug|Any CPU
		{EE44EE44-4444-4444-4444-EE44EE44EE44}.Debug|x64.Build.0 = Debug|Any CPU
		{EE44EE44-4444-4444-4444-EE44EE44EE44}.Debug|x86.ActiveCfg = Debug|Any CPU
		{EE44EE44-4444-4444-4444-EE44EE44EE44}.Debug|x86.Build.0 = Debug|Any CPU
		{EE44EE44-4444-4444-4444-EE44EE44EE44}.Release|Any CPU.ActiveCfg = Release|Any CPU
		{EE44EE44-4444-4444-4444-EE44EE44EE44}.Release|Any CPU.Build.0 = Release|Any CPU
		{EE44EE44-4444-4444-4444-EE44EE44EE44}.Release|x64.ActiveCfg = Release|Any CPU
		{EE44EE44-4444-4444-4444-EE44EE44EE44}.Release|x64.Build.0 = Release|Any CPU
		{EE44EE44-4444-4444-4444-EE44EE44EE44}.Release|x86.ActiveCfg = Release|Any CPU
		{EE44EE44-4444-4444-4444-EE44EE44EE44}.Release|x86.Build.0 = Release|Any CPU
		{FF11FF11-1111-1111-1111-FF11FF11FF11}.Debug|Any CPU.ActiveCfg = Debug|Any CPU
		{FF11FF11-1111-1111-1111-FF11FF11FF11}.Debug|Any CPU.Build.0 = Debug|Any CPU
		{FF11FF11-1111-1111-1111-FF11FF11FF11}.Debug|x64.ActiveCfg = Debug|Any CPU
		{FF11FF11-1111-1111-1111-FF11FF11FF11}.Debug|x64.Build.0 = Debug|Any CPU
		{FF11FF11-1111-1111-1111-FF11FF11FF11}.Debug|x86.ActiveCfg = Debug|Any CPU
		{FF11FF11-1111-1111-1111-FF11FF11FF11}.Debug|x86.Build.0 = Debug|Any CPU
		{FF11FF11-1111-1111-1111-FF11FF11FF11}.Release|Any CPU.ActiveCfg = Release|Any CPU
		{FF11FF11-1111-1111-1111-FF11FF11FF11}.Release|Any CPU.Build.0 = Release|Any CPU
		{FF11FF11-1111-1111-1111-FF11FF11FF11}.Release|x64.ActiveCfg = Release|Any CPU
		{FF11FF11-1111-1111-1111-FF11FF11FF11}.Release|x64.Build.0 = Release|Any CPU
		{FF11FF11-1111-1111-1111-FF11FF11FF11}.Release|x86.ActiveCfg = Release|Any CPU
		{FF11FF11-1111-1111-1111-FF11FF11FF11}.Release|x86.Build.0 = Release|Any CPU
		{FF22FF22-2222-2222-2222-FF22FF22FF22}.Debug|Any CPU.ActiveCfg = Debug|Any CPU
		{FF22FF22-2222-2222-2222-FF22FF22FF22}.Debug|Any CPU.Build.0 = Debug|Any CPU
		{FF22FF22-2222-2222-2222-FF22FF22FF22}.Debug|x64.ActiveCfg = Debug|Any CPU
		{FF22FF22-2222-2222-2222-FF22FF22FF22}.Debug|x64.Build.0 = Debug|Any CPU
		{FF22FF22-2222-2222-2222-FF22FF22FF22}.Debug|x86.ActiveCfg = Debug|Any CPU
		{FF22FF22-2222-2222-2222-FF22FF22FF22}.Debug|x86.Build.0 = Debug|Any CPU
		{FF22FF22-2222-2222-2222-FF22FF22FF22}.Release|Any CPU.ActiveCfg = Release|Any CPU
		{FF22FF22-2222-2222-2222-FF22FF22FF22}.Release|Any CPU.Build.0 = Release|Any CPU
		{FF22FF22-2222-2222-2222-FF22FF22FF22}.Release|x64.ActiveCfg = Release|Any CPU
		{FF22FF22-2222-2222-2222-FF22FF22FF22}.Release|x64.Build.0 = Release|Any CPU
		{FF22FF22-2222-2222-2222-FF22FF22FF22}.Release|x86.ActiveCfg = Release|Any CPU
		{FF22FF22-2222-2222-2222-FF22FF22FF22}.Release|x86.Build.0 = Release|Any CPU
		{FF33FF33-3333-3333-3333-FF33FF33FF33}.Debug|Any CPU.ActiveCfg = Debug|Any CPU
		{FF33FF33-3333-3333-3333-FF33FF33FF33}.Debug|Any CPU.Build.0 = Debug|Any CPU
		{FF33FF33-3333-3333-3333-FF33FF33FF33}.Debug|x64.ActiveCfg = Debug|Any CPU
		{FF33FF33-3333-3333-3333-FF33FF33FF33}.Debug|x64.Build.0 = Debug|Any CPU
		{FF33FF33-3333-3333-3333-FF33FF33FF33}.Debug|x86.ActiveCfg = Debug|Any CPU
		{FF33FF33-3333-3333-3333-FF33FF33FF33}.Debug|x86.Build.0 = Debug|Any CPU
		{FF33FF33-3333-3333-3333-FF33FF33FF33}.Release|Any CPU.ActiveCfg = Release|Any CPU
		{FF33FF33-3333-3333-3333-FF33FF33FF33}.Release|Any CPU.Build.0 = Release|Any CPU
		{FF33FF33-3333-3333-3333-FF33FF33FF33}.Release|x64.ActiveCfg = Release|Any CPU
		{FF33FF33-3333-3333-3333-FF33FF33FF33}.Release|x64.Build.0 = Release|Any CPU
		{FF33FF33-3333-3333-3333-FF33FF33FF33}.Release|x86.ActiveCfg = Release|Any CPU
		{FF33FF33-3333-3333-3333-FF33FF33FF33}.Release|x86.Build.0 = Release|Any CPU
		{FF44FF44-4444-4444-4444-FF44FF44FF44}.Debug|Any CPU.ActiveCfg = Debug|Any CPU
		{FF44FF44-4444-4444-4444-FF44FF44FF44}.Debug|Any CPU.Build.0 = Debug|Any CPU
		{FF44FF44-4444-4444-4444-FF44FF44FF44}.Debug|x64.ActiveCfg = Debug|Any CPU
		{FF44FF44-4444-4444-4444-FF44FF44FF44}.Debug|x64.Build.0 = Debug|Any CPU
		{FF44FF44-4444-4444-4444-FF44FF44FF44}.Debug|x86.ActiveCfg = Debug|Any CPU
		{FF44FF44-4444-4444-4444-FF44FF44FF44}.Debug|x86.Build.0 = Debug|Any CPU
		{FF44FF44-4444-4444-4444-FF44FF44FF44}.Release|Any CPU.ActiveCfg = Release|Any CPU
		{FF44FF44-4444-4444-4444-FF44FF44FF44}.Release|Any CPU.Build.0 = Release|Any CPU
		{FF44FF44-4444-4444-4444-FF44FF44FF44}.Release|x64.ActiveCfg = Release|Any CPU
		{FF44FF44-4444-4444-4444-FF44FF44FF44}.Release|x64.Build.0 = Release|Any CPU
		{FF44FF44-4444-4444-4444-FF44FF44FF44}.Release|x86.ActiveCfg = Release|Any CPU
		{FF44FF44-4444-4444-4444-FF44FF44FF44}.Release|x86.Build.0 = Release|Any CPU
		{13777E4F-67CA-48F9-9BA4-41A7551DDE40}.Debug|Any CPU.ActiveCfg = Debug|Any CPU
		{13777E4F-67CA-48F9-9BA4-41A7551DDE40}.Debug|Any CPU.Build.0 = Debug|Any CPU
		{13777E4F-67CA-48F9-9BA4-41A7551DDE40}.Debug|x64.ActiveCfg = Debug|Any CPU
		{13777E4F-67CA-48F9-9BA4-41A7551DDE40}.Debug|x64.Build.0 = Debug|Any CPU
		{13777E4F-67CA-48F9-9BA4-41A7551DDE40}.Debug|x86.ActiveCfg = Debug|Any CPU
		{13777E4F-67CA-48F9-9BA4-41A7551DDE40}.Debug|x86.Build.0 = Debug|Any CPU
		{13777E4F-67CA-48F9-9BA4-41A7551DDE40}.Release|Any CPU.ActiveCfg = Release|Any CPU
		{13777E4F-67CA-48F9-9BA4-41A7551DDE40}.Release|Any CPU.Build.0 = Release|Any CPU
		{13777E4F-67CA-48F9-9BA4-41A7551DDE40}.Release|x64.ActiveCfg = Release|Any CPU
		{13777E4F-67CA-48F9-9BA4-41A7551DDE40}.Release|x64.Build.0 = Release|Any CPU
		{13777E4F-67CA-48F9-9BA4-41A7551DDE40}.Release|x86.ActiveCfg = Release|Any CPU
		{13777E4F-67CA-48F9-9BA4-41A7551DDE40}.Release|x86.Build.0 = Release|Any CPU
		{CAA5115E-60F3-48D5-A662-8AF34EEF6E2D}.Debug|Any CPU.ActiveCfg = Debug|Any CPU
		{CAA5115E-60F3-48D5-A662-8AF34EEF6E2D}.Debug|Any CPU.Build.0 = Debug|Any CPU
		{CAA5115E-60F3-48D5-A662-8AF34EEF6E2D}.Debug|x64.ActiveCfg = Debug|Any CPU
		{CAA5115E-60F3-48D5-A662-8AF34EEF6E2D}.Debug|x64.Build.0 = Debug|Any CPU
		{CAA5115E-60F3-48D5-A662-8AF34EEF6E2D}.Debug|x86.ActiveCfg = Debug|Any CPU
		{CAA5115E-60F3-48D5-A662-8AF34EEF6E2D}.Debug|x86.Build.0 = Debug|Any CPU
		{CAA5115E-60F3-48D5-A662-8AF34EEF6E2D}.Release|Any CPU.ActiveCfg = Release|Any CPU
		{CAA5115E-60F3-48D5-A662-8AF34EEF6E2D}.Release|Any CPU.Build.0 = Release|Any CPU
		{CAA5115E-60F3-48D5-A662-8AF34EEF6E2D}.Release|x64.ActiveCfg = Release|Any CPU
		{CAA5115E-60F3-48D5-A662-8AF34EEF6E2D}.Release|x64.Build.0 = Release|Any CPU
		{CAA5115E-60F3-48D5-A662-8AF34EEF6E2D}.Release|x86.ActiveCfg = Release|Any CPU
		{CAA5115E-60F3-48D5-A662-8AF34EEF6E2D}.Release|x86.Build.0 = Release|Any CPU
		{39E0717B-23DB-4D11-8954-9004FBA1124B}.Debug|Any CPU.ActiveCfg = Debug|Any CPU
		{39E0717B-23DB-4D11-8954-9004FBA1124B}.Debug|Any CPU.Build.0 = Debug|Any CPU
		{39E0717B-23DB-4D11-8954-9004FBA1124B}.Debug|x64.ActiveCfg = Debug|Any CPU
		{39E0717B-23DB-4D11-8954-9004FBA1124B}.Debug|x64.Build.0 = Debug|Any CPU
		{39E0717B-23DB-4D11-8954-9004FBA1124B}.Debug|x86.ActiveCfg = Debug|Any CPU
		{39E0717B-23DB-4D11-8954-9004FBA1124B}.Debug|x86.Build.0 = Debug|Any CPU
		{39E0717B-23DB-4D11-8954-9004FBA1124B}.Release|Any CPU.ActiveCfg = Release|Any CPU
		{39E0717B-23DB-4D11-8954-9004FBA1124B}.Release|Any CPU.Build.0 = Release|Any CPU
		{39E0717B-23DB-4D11-8954-9004FBA1124B}.Release|x64.ActiveCfg = Release|Any CPU
		{39E0717B-23DB-4D11-8954-9004FBA1124B}.Release|x64.Build.0 = Release|Any CPU
		{39E0717B-23DB-4D11-8954-9004FBA1124B}.Release|x86.ActiveCfg = Release|Any CPU
		{39E0717B-23DB-4D11-8954-9004FBA1124B}.Release|x86.Build.0 = Release|Any CPU
		{6121A672-CBBD-43A6-9F00-DC58B730FB47}.Debug|Any CPU.ActiveCfg = Debug|Any CPU
		{6121A672-CBBD-43A6-9F00-DC58B730FB47}.Debug|Any CPU.Build.0 = Debug|Any CPU
		{6121A672-CBBD-43A6-9F00-DC58B730FB47}.Debug|x64.ActiveCfg = Debug|Any CPU
		{6121A672-CBBD-43A6-9F00-DC58B730FB47}.Debug|x64.Build.0 = Debug|Any CPU
		{6121A672-CBBD-43A6-9F00-DC58B730FB47}.Debug|x86.ActiveCfg = Debug|Any CPU
		{6121A672-CBBD-43A6-9F00-DC58B730FB47}.Debug|x86.Build.0 = Debug|Any CPU
		{6121A672-CBBD-43A6-9F00-DC58B730FB47}.Release|Any CPU.ActiveCfg = Release|Any CPU
		{6121A672-CBBD-43A6-9F00-DC58B730FB47}.Release|Any CPU.Build.0 = Release|Any CPU
		{6121A672-CBBD-43A6-9F00-DC58B730FB47}.Release|x64.ActiveCfg = Release|Any CPU
		{6121A672-CBBD-43A6-9F00-DC58B730FB47}.Release|x64.Build.0 = Release|Any CPU
		{6121A672-CBBD-43A6-9F00-DC58B730FB47}.Release|x86.ActiveCfg = Release|Any CPU
		{6121A672-CBBD-43A6-9F00-DC58B730FB47}.Release|x86.Build.0 = Release|Any CPU
		{0DC914F6-F5D6-4F22-AF50-776FE553B4A1}.Debug|Any CPU.ActiveCfg = Debug|Any CPU
		{0DC914F6-F5D6-4F22-AF50-776FE553B4A1}.Debug|Any CPU.Build.0 = Debug|Any CPU
		{0DC914F6-F5D6-4F22-AF50-776FE553B4A1}.Debug|x64.ActiveCfg = Debug|Any CPU
		{0DC914F6-F5D6-4F22-AF50-776FE553B4A1}.Debug|x64.Build.0 = Debug|Any CPU
		{0DC914F6-F5D6-4F22-AF50-776FE553B4A1}.Debug|x86.ActiveCfg = Debug|Any CPU
		{0DC914F6-F5D6-4F22-AF50-776FE553B4A1}.Debug|x86.Build.0 = Debug|Any CPU
		{0DC914F6-F5D6-4F22-AF50-776FE553B4A1}.Release|Any CPU.ActiveCfg = Release|Any CPU
		{0DC914F6-F5D6-4F22-AF50-776FE553B4A1}.Release|Any CPU.Build.0 = Release|Any CPU
		{0DC914F6-F5D6-4F22-AF50-776FE553B4A1}.Release|x64.ActiveCfg = Release|Any CPU
		{0DC914F6-F5D6-4F22-AF50-776FE553B4A1}.Release|x64.Build.0 = Release|Any CPU
		{0DC914F6-F5D6-4F22-AF50-776FE553B4A1}.Release|x86.ActiveCfg = Release|Any CPU
		{0DC914F6-F5D6-4F22-AF50-776FE553B4A1}.Release|x86.Build.0 = Release|Any CPU
		{95E004B5-6C33-4A6B-90FE-ACBD8E666416}.Debug|Any CPU.ActiveCfg = Debug|Any CPU
		{95E004B5-6C33-4A6B-90FE-ACBD8E666416}.Debug|Any CPU.Build.0 = Debug|Any CPU
		{95E004B5-6C33-4A6B-90FE-ACBD8E666416}.Debug|x64.ActiveCfg = Debug|Any CPU
		{95E004B5-6C33-4A6B-90FE-ACBD8E666416}.Debug|x64.Build.0 = Debug|Any CPU
		{95E004B5-6C33-4A6B-90FE-ACBD8E666416}.Debug|x86.ActiveCfg = Debug|Any CPU
		{95E004B5-6C33-4A6B-90FE-ACBD8E666416}.Debug|x86.Build.0 = Debug|Any CPU
		{95E004B5-6C33-4A6B-90FE-ACBD8E666416}.Release|Any CPU.ActiveCfg = Release|Any CPU
		{95E004B5-6C33-4A6B-90FE-ACBD8E666416}.Release|Any CPU.Build.0 = Release|Any CPU
		{95E004B5-6C33-4A6B-90FE-ACBD8E666416}.Release|x64.ActiveCfg = Release|Any CPU
		{95E004B5-6C33-4A6B-90FE-ACBD8E666416}.Release|x64.Build.0 = Release|Any CPU
		{95E004B5-6C33-4A6B-90FE-ACBD8E666416}.Release|x86.ActiveCfg = Release|Any CPU
		{95E004B5-6C33-4A6B-90FE-ACBD8E666416}.Release|x86.Build.0 = Release|Any CPU
		{F6F5FD70-6B4B-40D8-84B5-9F004F982509}.Debug|Any CPU.ActiveCfg = Debug|Any CPU
		{F6F5FD70-6B4B-40D8-84B5-9F004F982509}.Debug|Any CPU.Build.0 = Debug|Any CPU
		{F6F5FD70-6B4B-40D8-84B5-9F004F982509}.Debug|x64.ActiveCfg = Debug|Any CPU
		{F6F5FD70-6B4B-40D8-84B5-9F004F982509}.Debug|x64.Build.0 = Debug|Any CPU
		{F6F5FD70-6B4B-40D8-84B5-9F004F982509}.Debug|x86.ActiveCfg = Debug|Any CPU
		{F6F5FD70-6B4B-40D8-84B5-9F004F982509}.Debug|x86.Build.0 = Debug|Any CPU
		{F6F5FD70-6B4B-40D8-84B5-9F004F982509}.Release|Any CPU.ActiveCfg = Release|Any CPU
		{F6F5FD70-6B4B-40D8-84B5-9F004F982509}.Release|Any CPU.Build.0 = Release|Any CPU
		{F6F5FD70-6B4B-40D8-84B5-9F004F982509}.Release|x64.ActiveCfg = Release|Any CPU
		{F6F5FD70-6B4B-40D8-84B5-9F004F982509}.Release|x64.Build.0 = Release|Any CPU
		{F6F5FD70-6B4B-40D8-84B5-9F004F982509}.Release|x86.ActiveCfg = Release|Any CPU
		{F6F5FD70-6B4B-40D8-84B5-9F004F982509}.Release|x86.Build.0 = Release|Any CPU
		{FA1904B5-5656-4688-90AC-EF08A6997044}.Debug|Any CPU.ActiveCfg = Debug|Any CPU
		{FA1904B5-5656-4688-90AC-EF08A6997044}.Debug|Any CPU.Build.0 = Debug|Any CPU
		{FA1904B5-5656-4688-90AC-EF08A6997044}.Debug|x64.ActiveCfg = Debug|Any CPU
		{FA1904B5-5656-4688-90AC-EF08A6997044}.Debug|x64.Build.0 = Debug|Any CPU
		{FA1904B5-5656-4688-90AC-EF08A6997044}.Debug|x86.ActiveCfg = Debug|Any CPU
		{FA1904B5-5656-4688-90AC-EF08A6997044}.Debug|x86.Build.0 = Debug|Any CPU
		{FA1904B5-5656-4688-90AC-EF08A6997044}.Release|Any CPU.ActiveCfg = Release|Any CPU
		{FA1904B5-5656-4688-90AC-EF08A6997044}.Release|Any CPU.Build.0 = Release|Any CPU
		{FA1904B5-5656-4688-90AC-EF08A6997044}.Release|x64.ActiveCfg = Release|Any CPU
		{FA1904B5-5656-4688-90AC-EF08A6997044}.Release|x64.Build.0 = Release|Any CPU
		{FA1904B5-5656-4688-90AC-EF08A6997044}.Release|x86.ActiveCfg = Release|Any CPU
		{FA1904B5-5656-4688-90AC-EF08A6997044}.Release|x86.Build.0 = Release|Any CPU
		{4DC52F1A-2F92-4796-8159-8D23F5B1A622}.Debug|Any CPU.ActiveCfg = Debug|Any CPU
		{4DC52F1A-2F92-4796-8159-8D23F5B1A622}.Debug|Any CPU.Build.0 = Debug|Any CPU
		{4DC52F1A-2F92-4796-8159-8D23F5B1A622}.Debug|x64.ActiveCfg = Debug|Any CPU
		{4DC52F1A-2F92-4796-8159-8D23F5B1A622}.Debug|x64.Build.0 = Debug|Any CPU
		{4DC52F1A-2F92-4796-8159-8D23F5B1A622}.Debug|x86.ActiveCfg = Debug|Any CPU
		{4DC52F1A-2F92-4796-8159-8D23F5B1A622}.Debug|x86.Build.0 = Debug|Any CPU
		{4DC52F1A-2F92-4796-8159-8D23F5B1A622}.Release|Any CPU.ActiveCfg = Release|Any CPU
		{4DC52F1A-2F92-4796-8159-8D23F5B1A622}.Release|Any CPU.Build.0 = Release|Any CPU
		{4DC52F1A-2F92-4796-8159-8D23F5B1A622}.Release|x64.ActiveCfg = Release|Any CPU
		{4DC52F1A-2F92-4796-8159-8D23F5B1A622}.Release|x64.Build.0 = Release|Any CPU
		{4DC52F1A-2F92-4796-8159-8D23F5B1A622}.Release|x86.ActiveCfg = Release|Any CPU
		{4DC52F1A-2F92-4796-8159-8D23F5B1A622}.Release|x86.Build.0 = Release|Any CPU
		{364E409A-EB10-4B61-A782-90578C2A35D5}.Debug|Any CPU.ActiveCfg = Debug|Any CPU
		{364E409A-EB10-4B61-A782-90578C2A35D5}.Debug|Any CPU.Build.0 = Debug|Any CPU
		{364E409A-EB10-4B61-A782-90578C2A35D5}.Debug|x64.ActiveCfg = Debug|Any CPU
		{364E409A-EB10-4B61-A782-90578C2A35D5}.Debug|x64.Build.0 = Debug|Any CPU
		{364E409A-EB10-4B61-A782-90578C2A35D5}.Debug|x86.ActiveCfg = Debug|Any CPU
		{364E409A-EB10-4B61-A782-90578C2A35D5}.Debug|x86.Build.0 = Debug|Any CPU
		{364E409A-EB10-4B61-A782-90578C2A35D5}.Release|Any CPU.ActiveCfg = Release|Any CPU
		{364E409A-EB10-4B61-A782-90578C2A35D5}.Release|Any CPU.Build.0 = Release|Any CPU
		{364E409A-EB10-4B61-A782-90578C2A35D5}.Release|x64.ActiveCfg = Release|Any CPU
		{364E409A-EB10-4B61-A782-90578C2A35D5}.Release|x64.Build.0 = Release|Any CPU
		{364E409A-EB10-4B61-A782-90578C2A35D5}.Release|x86.ActiveCfg = Release|Any CPU
		{364E409A-EB10-4B61-A782-90578C2A35D5}.Release|x86.Build.0 = Release|Any CPU
		{2F29747D-EA23-42A2-A1A8-89DF60FA17FE}.Debug|Any CPU.ActiveCfg = Debug|Any CPU
		{2F29747D-EA23-42A2-A1A8-89DF60FA17FE}.Debug|Any CPU.Build.0 = Debug|Any CPU
		{2F29747D-EA23-42A2-A1A8-89DF60FA17FE}.Debug|x64.ActiveCfg = Debug|Any CPU
		{2F29747D-EA23-42A2-A1A8-89DF60FA17FE}.Debug|x64.Build.0 = Debug|Any CPU
		{2F29747D-EA23-42A2-A1A8-89DF60FA17FE}.Debug|x86.ActiveCfg = Debug|Any CPU
		{2F29747D-EA23-42A2-A1A8-89DF60FA17FE}.Debug|x86.Build.0 = Debug|Any CPU
		{2F29747D-EA23-42A2-A1A8-89DF60FA17FE}.Release|Any CPU.ActiveCfg = Release|Any CPU
		{2F29747D-EA23-42A2-A1A8-89DF60FA17FE}.Release|Any CPU.Build.0 = Release|Any CPU
		{2F29747D-EA23-42A2-A1A8-89DF60FA17FE}.Release|x64.ActiveCfg = Release|Any CPU
		{2F29747D-EA23-42A2-A1A8-89DF60FA17FE}.Release|x64.Build.0 = Release|Any CPU
		{2F29747D-EA23-42A2-A1A8-89DF60FA17FE}.Release|x86.ActiveCfg = Release|Any CPU
		{2F29747D-EA23-42A2-A1A8-89DF60FA17FE}.Release|x86.Build.0 = Release|Any CPU
		{14B5B898-DAE0-4EBC-945A-CBCC8B0D3E83}.Debug|Any CPU.ActiveCfg = Debug|Any CPU
		{14B5B898-DAE0-4EBC-945A-CBCC8B0D3E83}.Debug|Any CPU.Build.0 = Debug|Any CPU
		{14B5B898-DAE0-4EBC-945A-CBCC8B0D3E83}.Debug|x64.ActiveCfg = Debug|Any CPU
		{14B5B898-DAE0-4EBC-945A-CBCC8B0D3E83}.Debug|x64.Build.0 = Debug|Any CPU
		{14B5B898-DAE0-4EBC-945A-CBCC8B0D3E83}.Debug|x86.ActiveCfg = Debug|Any CPU
		{14B5B898-DAE0-4EBC-945A-CBCC8B0D3E83}.Debug|x86.Build.0 = Debug|Any CPU
		{14B5B898-DAE0-4EBC-945A-CBCC8B0D3E83}.Release|Any CPU.ActiveCfg = Release|Any CPU
		{14B5B898-DAE0-4EBC-945A-CBCC8B0D3E83}.Release|Any CPU.Build.0 = Release|Any CPU
		{14B5B898-DAE0-4EBC-945A-CBCC8B0D3E83}.Release|x64.ActiveCfg = Release|Any CPU
		{14B5B898-DAE0-4EBC-945A-CBCC8B0D3E83}.Release|x64.Build.0 = Release|Any CPU
		{14B5B898-DAE0-4EBC-945A-CBCC8B0D3E83}.Release|x86.ActiveCfg = Release|Any CPU
		{14B5B898-DAE0-4EBC-945A-CBCC8B0D3E83}.Release|x86.Build.0 = Release|Any CPU
		{E6149D0B-090B-4A1C-B81A-01AD40C9A796}.Debug|Any CPU.ActiveCfg = Debug|Any CPU
		{E6149D0B-090B-4A1C-B81A-01AD40C9A796}.Debug|Any CPU.Build.0 = Debug|Any CPU
		{E6149D0B-090B-4A1C-B81A-01AD40C9A796}.Debug|x64.ActiveCfg = Debug|Any CPU
		{E6149D0B-090B-4A1C-B81A-01AD40C9A796}.Debug|x64.Build.0 = Debug|Any CPU
		{E6149D0B-090B-4A1C-B81A-01AD40C9A796}.Debug|x86.ActiveCfg = Debug|Any CPU
		{E6149D0B-090B-4A1C-B81A-01AD40C9A796}.Debug|x86.Build.0 = Debug|Any CPU
		{E6149D0B-090B-4A1C-B81A-01AD40C9A796}.Release|Any CPU.ActiveCfg = Release|Any CPU
		{E6149D0B-090B-4A1C-B81A-01AD40C9A796}.Release|Any CPU.Build.0 = Release|Any CPU
		{E6149D0B-090B-4A1C-B81A-01AD40C9A796}.Release|x64.ActiveCfg = Release|Any CPU
		{E6149D0B-090B-4A1C-B81A-01AD40C9A796}.Release|x64.Build.0 = Release|Any CPU
		{E6149D0B-090B-4A1C-B81A-01AD40C9A796}.Release|x86.ActiveCfg = Release|Any CPU
		{E6149D0B-090B-4A1C-B81A-01AD40C9A796}.Release|x86.Build.0 = Release|Any CPU
		{71B06D4C-CE4C-4BDF-9BC3-A9FC4D179929}.Debug|Any CPU.ActiveCfg = Debug|Any CPU
		{71B06D4C-CE4C-4BDF-9BC3-A9FC4D179929}.Debug|Any CPU.Build.0 = Debug|Any CPU
		{71B06D4C-CE4C-4BDF-9BC3-A9FC4D179929}.Debug|x64.ActiveCfg = Debug|Any CPU
		{71B06D4C-CE4C-4BDF-9BC3-A9FC4D179929}.Debug|x64.Build.0 = Debug|Any CPU
		{71B06D4C-CE4C-4BDF-9BC3-A9FC4D179929}.Debug|x86.ActiveCfg = Debug|Any CPU
		{71B06D4C-CE4C-4BDF-9BC3-A9FC4D179929}.Debug|x86.Build.0 = Debug|Any CPU
		{71B06D4C-CE4C-4BDF-9BC3-A9FC4D179929}.Release|Any CPU.ActiveCfg = Release|Any CPU
		{71B06D4C-CE4C-4BDF-9BC3-A9FC4D179929}.Release|Any CPU.Build.0 = Release|Any CPU
		{71B06D4C-CE4C-4BDF-9BC3-A9FC4D179929}.Release|x64.ActiveCfg = Release|Any CPU
		{71B06D4C-CE4C-4BDF-9BC3-A9FC4D179929}.Release|x64.Build.0 = Release|Any CPU
		{71B06D4C-CE4C-4BDF-9BC3-A9FC4D179929}.Release|x86.ActiveCfg = Release|Any CPU
		{71B06D4C-CE4C-4BDF-9BC3-A9FC4D179929}.Release|x86.Build.0 = Release|Any CPU
		{83E1FF61-8008-4CB6-B127-E903E0C3DD7D}.Debug|Any CPU.ActiveCfg = Debug|Any CPU
		{83E1FF61-8008-4CB6-B127-E903E0C3DD7D}.Debug|Any CPU.Build.0 = Debug|Any CPU
		{83E1FF61-8008-4CB6-B127-E903E0C3DD7D}.Debug|x64.ActiveCfg = Debug|Any CPU
		{83E1FF61-8008-4CB6-B127-E903E0C3DD7D}.Debug|x64.Build.0 = Debug|Any CPU
		{83E1FF61-8008-4CB6-B127-E903E0C3DD7D}.Debug|x86.ActiveCfg = Debug|Any CPU
		{83E1FF61-8008-4CB6-B127-E903E0C3DD7D}.Debug|x86.Build.0 = Debug|Any CPU
		{83E1FF61-8008-4CB6-B127-E903E0C3DD7D}.Release|Any CPU.ActiveCfg = Release|Any CPU
		{83E1FF61-8008-4CB6-B127-E903E0C3DD7D}.Release|Any CPU.Build.0 = Release|Any CPU
		{83E1FF61-8008-4CB6-B127-E903E0C3DD7D}.Release|x64.ActiveCfg = Release|Any CPU
		{83E1FF61-8008-4CB6-B127-E903E0C3DD7D}.Release|x64.Build.0 = Release|Any CPU
		{83E1FF61-8008-4CB6-B127-E903E0C3DD7D}.Release|x86.ActiveCfg = Release|Any CPU
		{83E1FF61-8008-4CB6-B127-E903E0C3DD7D}.Release|x86.Build.0 = Release|Any CPU
		{2079F9A4-258B-4FB6-B048-1C46972F75E5}.Debug|Any CPU.ActiveCfg = Debug|Any CPU
		{2079F9A4-258B-4FB6-B048-1C46972F75E5}.Debug|Any CPU.Build.0 = Debug|Any CPU
		{2079F9A4-258B-4FB6-B048-1C46972F75E5}.Debug|x64.ActiveCfg = Debug|Any CPU
		{2079F9A4-258B-4FB6-B048-1C46972F75E5}.Debug|x64.Build.0 = Debug|Any CPU
		{2079F9A4-258B-4FB6-B048-1C46972F75E5}.Debug|x86.ActiveCfg = Debug|Any CPU
		{2079F9A4-258B-4FB6-B048-1C46972F75E5}.Debug|x86.Build.0 = Debug|Any CPU
		{2079F9A4-258B-4FB6-B048-1C46972F75E5}.Release|Any CPU.ActiveCfg = Release|Any CPU
		{2079F9A4-258B-4FB6-B048-1C46972F75E5}.Release|Any CPU.Build.0 = Release|Any CPU
		{2079F9A4-258B-4FB6-B048-1C46972F75E5}.Release|x64.ActiveCfg = Release|Any CPU
		{2079F9A4-258B-4FB6-B048-1C46972F75E5}.Release|x64.Build.0 = Release|Any CPU
		{2079F9A4-258B-4FB6-B048-1C46972F75E5}.Release|x86.ActiveCfg = Release|Any CPU
		{2079F9A4-258B-4FB6-B048-1C46972F75E5}.Release|x86.Build.0 = Release|Any CPU
	EndGlobalSection
	GlobalSection(SolutionProperties) = preSolution
		HideSolutionNode = FALSE
	EndGlobalSection
	GlobalSection(NestedProjects) = preSolution
		{EC447DCF-ABFA-6E24-52A5-D7FD48A5C558} = {827E0CD3-B72D-47B6-A68D-7590B98EB39B}
		{2CAD960F-E3F3-1CED-19CF-0B898BBF6B13} = {EC447DCF-ABFA-6E24-52A5-D7FD48A5C558}
		{B980A33F-083A-8F93-A0E8-47058F358213} = {2CAD960F-E3F3-1CED-19CF-0B898BBF6B13}
		{13777E4F-67CA-48F9-9BA4-41A7551DDE40} = {B980A33F-083A-8F93-A0E8-47058F358213}
		{31C8B44B-1CC5-C3F9-77DD-6ABD30CB2B0A} = {2CAD960F-E3F3-1CED-19CF-0B898BBF6B13}
		{CAA5115E-60F3-48D5-A662-8AF34EEF6E2D} = {31C8B44B-1CC5-C3F9-77DD-6ABD30CB2B0A}
		{90298CBA-BD6F-3A0A-69D5-97CAD7B05E7E} = {827E0CD3-B72D-47B6-A68D-7590B98EB39B}
		{C92A0B3C-F306-3651-C119-886307923D07} = {90298CBA-BD6F-3A0A-69D5-97CAD7B05E7E}
		{78B984F3-6205-2BF9-F251-ACBCDE32F0C5} = {2CAD960F-E3F3-1CED-19CF-0B898BBF6B13}
		{39E0717B-23DB-4D11-8954-9004FBA1124B} = {78B984F3-6205-2BF9-F251-ACBCDE32F0C5}
		{DA0D5D49-821C-4D83-94DC-BBB9E20E9A52} = {90298CBA-BD6F-3A0A-69D5-97CAD7B05E7E}
		{07427E4F-29B4-56AB-7E48-4AD9707CC7D7} = {2CAD960F-E3F3-1CED-19CF-0B898BBF6B13}
		{6121A672-CBBD-43A6-9F00-DC58B730FB47} = {07427E4F-29B4-56AB-7E48-4AD9707CC7D7}
		{5F6796A4-F063-F4DF-30E2-92F5062D16E2} = {90298CBA-BD6F-3A0A-69D5-97CAD7B05E7E}
		{F39AE2AA-E5E7-463C-9FBD-1F73B1867E1E} = {EC447DCF-ABFA-6E24-52A5-D7FD48A5C558}
		{3D76DD1C-3624-0A75-875E-2B726DB48178} = {F39AE2AA-E5E7-463C-9FBD-1F73B1867E1E}
		{0DC914F6-F5D6-4F22-AF50-776FE553B4A1} = {3D76DD1C-3624-0A75-875E-2B726DB48178}
		{0A80144D-2DFA-541E-7651-378F3A216947} = {F39AE2AA-E5E7-463C-9FBD-1F73B1867E1E}
		{95E004B5-6C33-4A6B-90FE-ACBD8E666416} = {0A80144D-2DFA-541E-7651-378F3A216947}
		{AB1C72E0-70FF-69EB-E73E-880E388D7FE2} = {F39AE2AA-E5E7-463C-9FBD-1F73B1867E1E}
		{F6F5FD70-6B4B-40D8-84B5-9F004F982509} = {AB1C72E0-70FF-69EB-E73E-880E388D7FE2}
		{89484C10-2F3F-3315-BE88-6760D0E05C28} = {F39AE2AA-E5E7-463C-9FBD-1F73B1867E1E}
		{FA1904B5-5656-4688-90AC-EF08A6997044} = {89484C10-2F3F-3315-BE88-6760D0E05C28}
		{E0F1D751-2153-65CF-6A3A-BF5F8884A07F} = {EC447DCF-ABFA-6E24-52A5-D7FD48A5C558}
		{B00076CD-0A47-8987-0D22-9BF832EE99BD} = {E0F1D751-2153-65CF-6A3A-BF5F8884A07F}
		{4DC52F1A-2F92-4796-8159-8D23F5B1A622} = {B00076CD-0A47-8987-0D22-9BF832EE99BD}
		{1319E821-9851-481E-CD55-3A49026C8BB3} = {E0F1D751-2153-65CF-6A3A-BF5F8884A07F}
		{364E409A-EB10-4B61-A782-90578C2A35D5} = {1319E821-9851-481E-CD55-3A49026C8BB3}
		{8E7FE920-7598-6148-0669-3A15173507A3} = {E0F1D751-2153-65CF-6A3A-BF5F8884A07F}
		{2F29747D-EA23-42A2-A1A8-89DF60FA17FE} = {8E7FE920-7598-6148-0669-3A15173507A3}
		{D843793A-205A-76AA-46CC-1176124086F8} = {E0F1D751-2153-65CF-6A3A-BF5F8884A07F}
		{14B5B898-DAE0-4EBC-945A-CBCC8B0D3E83} = {D843793A-205A-76AA-46CC-1176124086F8}
		{2A7DF08D-18DE-2F35-46DD-2101B9351AB2} = {EC447DCF-ABFA-6E24-52A5-D7FD48A5C558}
		{B265C409-0DA5-704E-3842-E4DA507A49B7} = {2A7DF08D-18DE-2F35-46DD-2101B9351AB2}
		{E6149D0B-090B-4A1C-B81A-01AD40C9A796} = {B265C409-0DA5-704E-3842-E4DA507A49B7}
		{072B526D-7500-93D0-A3C2-594F2E60E14C} = {2A7DF08D-18DE-2F35-46DD-2101B9351AB2}
		{71B06D4C-CE4C-4BDF-9BC3-A9FC4D179929} = {072B526D-7500-93D0-A3C2-594F2E60E14C}
		{EA3642FA-7FCF-7267-5045-F82783554B4E} = {2A7DF08D-18DE-2F35-46DD-2101B9351AB2}
		{83E1FF61-8008-4CB6-B127-E903E0C3DD7D} = {EA3642FA-7FCF-7267-5045-F82783554B4E}
		{FC2455D0-A3A9-0E2D-AF16-AF5D06C1B094} = {2A7DF08D-18DE-2F35-46DD-2101B9351AB2}
		{2079F9A4-258B-4FB6-B048-1C46972F75E5} = {FC2455D0-A3A9-0E2D-AF16-AF5D06C1B094}
	EndGlobalSection
EndGlobal
